// !$*UTF8*$!
{
	archiveVersion = 1;
	classes = {
	};
	objectVersion = 56;
	objects = {

/* Begin PBXBuildFile section */
		97F156342CCFA18300EBF51D /* AppDelegate.swift in Sources */ = {isa = PBXBuildFile; fileRef = 97F156332CCFA18300EBF51D /* AppDelegate.swift */; };
		97F156362CCFA18300EBF51D /* SceneDelegate.swift in Sources */ = {isa = PBXBuildFile; fileRef = 97F156352CCFA18300EBF51D /* SceneDelegate.swift */; };
		97F1564B2CCFA18300EBF51D /* Kream_CloneCodingTests.swift in Sources */ = {isa = PBXBuildFile; fileRef = 97F1564A2CCFA18300EBF51D /* Kream_CloneCodingTests.swift */; };
		97F156552CCFA18300EBF51D /* Kream_CloneCodingUITests.swift in Sources */ = {isa = PBXBuildFile; fileRef = 97F156542CCFA18300EBF51D /* Kream_CloneCodingUITests.swift */; };
		97F156572CCFA18300EBF51D /* Kream_CloneCodingUITestsLaunchTests.swift in Sources */ = {isa = PBXBuildFile; fileRef = 97F156562CCFA18300EBF51D /* Kream_CloneCodingUITestsLaunchTests.swift */; };
		97F1568D2CCFA35100EBF51D /* SnapKit in Frameworks */ = {isa = PBXBuildFile; productRef = 97F1568C2CCFA35100EBF51D /* SnapKit */; };
		97F156902CCFA44900EBF51D /* Assets.xcassets in Resources */ = {isa = PBXBuildFile; fileRef = 97F1568F2CCFA44900EBF51D /* Assets.xcassets */; };
		97F156942CCFA45400EBF51D /* SavedProduct.swift in Sources */ = {isa = PBXBuildFile; fileRef = 97F156912CCFA45400EBF51D /* SavedProduct.swift */; };
		97F156952CCFA45400EBF51D /* UserInfo.swift in Sources */ = {isa = PBXBuildFile; fileRef = 97F156922CCFA45400EBF51D /* UserInfo.swift */; };
		97F156AD2CCFA46300EBF51D /* HomeViewController.swift in Sources */ = {isa = PBXBuildFile; fileRef = 97F156962CCFA46300EBF51D /* HomeViewController.swift */; };
		97F156AE2CCFA46300EBF51D /* LoginView.swift in Sources */ = {isa = PBXBuildFile; fileRef = 97F156982CCFA46300EBF51D /* LoginView.swift */; };
		97F156AF2CCFA46300EBF51D /* LoginViewController.swift in Sources */ = {isa = PBXBuildFile; fileRef = 97F156992CCFA46300EBF51D /* LoginViewController.swift */; };
		97F156B02CCFA46300EBF51D /* MyPageManageViewController.swift in Sources */ = {isa = PBXBuildFile; fileRef = 97F1569B2CCFA46300EBF51D /* MyPageManageViewController.swift */; };
		97F156B12CCFA46300EBF51D /* MyPageViewController.swift in Sources */ = {isa = PBXBuildFile; fileRef = 97F1569C2CCFA46300EBF51D /* MyPageViewController.swift */; };
		97F156B22CCFA46300EBF51D /* MyPageTopView.swift in Sources */ = {isa = PBXBuildFile; fileRef = 97F1569E2CCFA46300EBF51D /* MyPageTopView.swift */; };
		97F156B32CCFA46300EBF51D /* MyPageView.swift in Sources */ = {isa = PBXBuildFile; fileRef = 97F1569F2CCFA46300EBF51D /* MyPageView.swift */; };
		97F156B42CCFA46300EBF51D /* ProfileManagerView.swift in Sources */ = {isa = PBXBuildFile; fileRef = 97F156A02CCFA46300EBF51D /* ProfileManagerView.swift */; };
		97F156B52CCFA46300EBF51D /* SavedTableViewCell.swift in Sources */ = {isa = PBXBuildFile; fileRef = 97F156A32CCFA46300EBF51D /* SavedTableViewCell.swift */; };
		97F156B62CCFA46300EBF51D /* SavedView.swift in Sources */ = {isa = PBXBuildFile; fileRef = 97F156A42CCFA46300EBF51D /* SavedView.swift */; };
		97F156B72CCFA46300EBF51D /* SavedViewController.swift in Sources */ = {isa = PBXBuildFile; fileRef = 97F156A62CCFA46300EBF51D /* SavedViewController.swift */; };
		97F156B82CCFA46300EBF51D /* ShopViewController.swift in Sources */ = {isa = PBXBuildFile; fileRef = 97F156A82CCFA46300EBF51D /* ShopViewController.swift */; };
		97F156B92CCFA46300EBF51D /* StyleViewController.swift in Sources */ = {isa = PBXBuildFile; fileRef = 97F156AA2CCFA46300EBF51D /* StyleViewController.swift */; };
		97F156BB2CCFA4CA00EBF51D /* MainTabBarController.swift in Sources */ = {isa = PBXBuildFile; fileRef = 97F156BA2CCFA4CA00EBF51D /* MainTabBarController.swift */; };
/* End PBXBuildFile section */

/* Begin PBXContainerItemProxy section */
		97F156472CCFA18300EBF51D /* PBXContainerItemProxy */ = {
			isa = PBXContainerItemProxy;
			containerPortal = 97F156282CCFA18300EBF51D /* Project object */;
			proxyType = 1;
			remoteGlobalIDString = 97F1562F2CCFA18300EBF51D;
			remoteInfo = Kream_CloneCoding;
		};
		97F156512CCFA18300EBF51D /* PBXContainerItemProxy */ = {
			isa = PBXContainerItemProxy;
			containerPortal = 97F156282CCFA18300EBF51D /* Project object */;
			proxyType = 1;
			remoteGlobalIDString = 97F1562F2CCFA18300EBF51D;
			remoteInfo = Kream_CloneCoding;
		};
/* End PBXContainerItemProxy section */

/* Begin PBXFileReference section */
		97F156302CCFA18300EBF51D /* Kream_CloneCoding.app */ = {isa = PBXFileReference; explicitFileType = wrapper.application; includeInIndex = 0; path = Kream_CloneCoding.app; sourceTree = BUILT_PRODUCTS_DIR; };
		97F156332CCFA18300EBF51D /* AppDelegate.swift */ = {isa = PBXFileReference; lastKnownFileType = sourcecode.swift; path = AppDelegate.swift; sourceTree = "<group>"; };
		97F156352CCFA18300EBF51D /* SceneDelegate.swift */ = {isa = PBXFileReference; lastKnownFileType = sourcecode.swift; path = SceneDelegate.swift; sourceTree = "<group>"; };
		97F156412CCFA18300EBF51D /* Info.plist */ = {isa = PBXFileReference; lastKnownFileType = text.plist.xml; path = Info.plist; sourceTree = "<group>"; };
		97F156462CCFA18300EBF51D /* Kream_CloneCodingTests.xctest */ = {isa = PBXFileReference; explicitFileType = wrapper.cfbundle; includeInIndex = 0; path = Kream_CloneCodingTests.xctest; sourceTree = BUILT_PRODUCTS_DIR; };
		97F1564A2CCFA18300EBF51D /* Kream_CloneCodingTests.swift */ = {isa = PBXFileReference; lastKnownFileType = sourcecode.swift; path = Kream_CloneCodingTests.swift; sourceTree = "<group>"; };
		97F156502CCFA18300EBF51D /* Kream_CloneCodingUITests.xctest */ = {isa = PBXFileReference; explicitFileType = wrapper.cfbundle; includeInIndex = 0; path = Kream_CloneCodingUITests.xctest; sourceTree = BUILT_PRODUCTS_DIR; };
		97F156542CCFA18300EBF51D /* Kream_CloneCodingUITests.swift */ = {isa = PBXFileReference; lastKnownFileType = sourcecode.swift; path = Kream_CloneCodingUITests.swift; sourceTree = "<group>"; };
		97F156562CCFA18300EBF51D /* Kream_CloneCodingUITestsLaunchTests.swift */ = {isa = PBXFileReference; lastKnownFileType = sourcecode.swift; path = Kream_CloneCodingUITestsLaunchTests.swift; sourceTree = "<group>"; };
		97F1568F2CCFA44900EBF51D /* Assets.xcassets */ = {isa = PBXFileReference; lastKnownFileType = folder.assetcatalog; path = Assets.xcassets; sourceTree = "<group>"; };
		97F156912CCFA45400EBF51D /* SavedProduct.swift */ = {isa = PBXFileReference; fileEncoding = 4; lastKnownFileType = sourcecode.swift; path = SavedProduct.swift; sourceTree = "<group>"; };
		97F156922CCFA45400EBF51D /* UserInfo.swift */ = {isa = PBXFileReference; fileEncoding = 4; lastKnownFileType = sourcecode.swift; path = UserInfo.swift; sourceTree = "<group>"; };
		97F156962CCFA46300EBF51D /* HomeViewController.swift */ = {isa = PBXFileReference; fileEncoding = 4; lastKnownFileType = sourcecode.swift; path = HomeViewController.swift; sourceTree = "<group>"; };
		97F156982CCFA46300EBF51D /* LoginView.swift */ = {isa = PBXFileReference; fileEncoding = 4; lastKnownFileType = sourcecode.swift; path = LoginView.swift; sourceTree = "<group>"; };
		97F156992CCFA46300EBF51D /* LoginViewController.swift */ = {isa = PBXFileReference; fileEncoding = 4; lastKnownFileType = sourcecode.swift; path = LoginViewController.swift; sourceTree = "<group>"; };
		97F1569B2CCFA46300EBF51D /* MyPageManageViewController.swift */ = {isa = PBXFileReference; fileEncoding = 4; lastKnownFileType = sourcecode.swift; path = MyPageManageViewController.swift; sourceTree = "<group>"; };
		97F1569C2CCFA46300EBF51D /* MyPageViewController.swift */ = {isa = PBXFileReference; fileEncoding = 4; lastKnownFileType = sourcecode.swift; path = MyPageViewController.swift; sourceTree = "<group>"; };
		97F1569E2CCFA46300EBF51D /* MyPageTopView.swift */ = {isa = PBXFileReference; fileEncoding = 4; lastKnownFileType = sourcecode.swift; path = MyPageTopView.swift; sourceTree = "<group>"; };
		97F1569F2CCFA46300EBF51D /* MyPageView.swift */ = {isa = PBXFileReference; fileEncoding = 4; lastKnownFileType = sourcecode.swift; path = MyPageView.swift; sourceTree = "<group>"; };
		97F156A02CCFA46300EBF51D /* ProfileManagerView.swift */ = {isa = PBXFileReference; fileEncoding = 4; lastKnownFileType = sourcecode.swift; path = ProfileManagerView.swift; sourceTree = "<group>"; };
		97F156A32CCFA46300EBF51D /* SavedTableViewCell.swift */ = {isa = PBXFileReference; fileEncoding = 4; lastKnownFileType = sourcecode.swift; path = SavedTableViewCell.swift; sourceTree = "<group>"; };
		97F156A42CCFA46300EBF51D /* SavedView.swift */ = {isa = PBXFileReference; fileEncoding = 4; lastKnownFileType = sourcecode.swift; path = SavedView.swift; sourceTree = "<group>"; };
		97F156A62CCFA46300EBF51D /* SavedViewController.swift */ = {isa = PBXFileReference; fileEncoding = 4; lastKnownFileType = sourcecode.swift; path = SavedViewController.swift; sourceTree = "<group>"; };
		97F156A82CCFA46300EBF51D /* ShopViewController.swift */ = {isa = PBXFileReference; fileEncoding = 4; lastKnownFileType = sourcecode.swift; path = ShopViewController.swift; sourceTree = "<group>"; };
		97F156AA2CCFA46300EBF51D /* StyleViewController.swift */ = {isa = PBXFileReference; fileEncoding = 4; lastKnownFileType = sourcecode.swift; path = StyleViewController.swift; sourceTree = "<group>"; };
		97F156BA2CCFA4CA00EBF51D /* MainTabBarController.swift */ = {isa = PBXFileReference; fileEncoding = 4; lastKnownFileType = sourcecode.swift; path = MainTabBarController.swift; sourceTree = "<group>"; };
/* End PBXFileReference section */

/* Begin PBXFrameworksBuildPhase section */
		97F1562D2CCFA18300EBF51D /* Frameworks */ = {
			isa = PBXFrameworksBuildPhase;
			buildActionMask = 2147483647;
			files = (
				97F1568D2CCFA35100EBF51D /* SnapKit in Frameworks */,
			);
			runOnlyForDeploymentPostprocessing = 0;
		};
		97F156432CCFA18300EBF51D /* Frameworks */ = {
			isa = PBXFrameworksBuildPhase;
			buildActionMask = 2147483647;
			files = (
			);
			runOnlyForDeploymentPostprocessing = 0;
		};
		97F1564D2CCFA18300EBF51D /* Frameworks */ = {
			isa = PBXFrameworksBuildPhase;
			buildActionMask = 2147483647;
			files = (
			);
			runOnlyForDeploymentPostprocessing = 0;
		};
/* End PBXFrameworksBuildPhase section */

/* Begin PBXGroup section */
		97F156272CCFA18300EBF51D = {
			isa = PBXGroup;
			children = (
				97F156322CCFA18300EBF51D /* Kream_CloneCoding */,
				97F156492CCFA18300EBF51D /* Kream_CloneCodingTests */,
				97F156532CCFA18300EBF51D /* Kream_CloneCodingUITests */,
				97F156312CCFA18300EBF51D /* Products */,
			);
			sourceTree = "<group>";
		};
		97F156312CCFA18300EBF51D /* Products */ = {
			isa = PBXGroup;
			children = (
				97F156302CCFA18300EBF51D /* Kream_CloneCoding.app */,
				97F156462CCFA18300EBF51D /* Kream_CloneCodingTests.xctest */,
				97F156502CCFA18300EBF51D /* Kream_CloneCodingUITests.xctest */,
			);
			name = Products;
			sourceTree = "<group>";
		};
		97F156322CCFA18300EBF51D /* Kream_CloneCoding */ = {
			isa = PBXGroup;
			children = (
				97F156332CCFA18300EBF51D /* AppDelegate.swift */,
				97F156352CCFA18300EBF51D /* SceneDelegate.swift */,
				97F156BA2CCFA4CA00EBF51D /* MainTabBarController.swift */,
				97F156AC2CCFA46300EBF51D /* Presentation */,
				97F156932CCFA45400EBF51D /* Models */,
				97F1568F2CCFA44900EBF51D /* Assets.xcassets */,
				97F156412CCFA18300EBF51D /* Info.plist */,
			);
			path = Kream_CloneCoding;
			sourceTree = "<group>";
		};
		97F156492CCFA18300EBF51D /* Kream_CloneCodingTests */ = {
			isa = PBXGroup;
			children = (
				97F1564A2CCFA18300EBF51D /* Kream_CloneCodingTests.swift */,
			);
			path = Kream_CloneCodingTests;
			sourceTree = "<group>";
		};
		97F156532CCFA18300EBF51D /* Kream_CloneCodingUITests */ = {
			isa = PBXGroup;
			children = (
				97F156542CCFA18300EBF51D /* Kream_CloneCodingUITests.swift */,
				97F156562CCFA18300EBF51D /* Kream_CloneCodingUITestsLaunchTests.swift */,
			);
			path = Kream_CloneCodingUITests;
			sourceTree = "<group>";
		};
		97F156932CCFA45400EBF51D /* Models */ = {
			isa = PBXGroup;
			children = (
				97F156912CCFA45400EBF51D /* SavedProduct.swift */,
				97F156922CCFA45400EBF51D /* UserInfo.swift */,
			);
			name = Models;
			path = ../../../UMC_KREAM_Reference/UMC_KREAM/UMC_KREAM/Data/Models;
			sourceTree = "<group>";
		};
		97F156972CCFA46300EBF51D /* Home */ = {
			isa = PBXGroup;
			children = (
				97F156962CCFA46300EBF51D /* HomeViewController.swift */,
			);
			path = Home;
			sourceTree = "<group>";
		};
		97F1569A2CCFA46300EBF51D /* Login */ = {
			isa = PBXGroup;
			children = (
				97F156982CCFA46300EBF51D /* LoginView.swift */,
				97F156992CCFA46300EBF51D /* LoginViewController.swift */,
			);
			path = Login;
			sourceTree = "<group>";
		};
		97F1569D2CCFA46300EBF51D /* ViewControllers */ = {
			isa = PBXGroup;
			children = (
				97F1569B2CCFA46300EBF51D /* MyPageManageViewController.swift */,
				97F1569C2CCFA46300EBF51D /* MyPageViewController.swift */,
			);
			path = ViewControllers;
			sourceTree = "<group>";
		};
		97F156A12CCFA46300EBF51D /* Views */ = {
			isa = PBXGroup;
			children = (
				97F1569E2CCFA46300EBF51D /* MyPageTopView.swift */,
				97F1569F2CCFA46300EBF51D /* MyPageView.swift */,
				97F156A02CCFA46300EBF51D /* ProfileManagerView.swift */,
			);
			path = Views;
			sourceTree = "<group>";
		};
		97F156A22CCFA46300EBF51D /* My */ = {
			isa = PBXGroup;
			children = (
				97F1569D2CCFA46300EBF51D /* ViewControllers */,
				97F156A12CCFA46300EBF51D /* Views */,
			);
			path = My;
			sourceTree = "<group>";
		};
		97F156A52CCFA46300EBF51D /* Views */ = {
			isa = PBXGroup;
			children = (
				97F156A32CCFA46300EBF51D /* SavedTableViewCell.swift */,
				97F156A42CCFA46300EBF51D /* SavedView.swift */,
			);
			path = Views;
			sourceTree = "<group>";
		};
		97F156A72CCFA46300EBF51D /* Saved */ = {
			isa = PBXGroup;
			children = (
				97F156A52CCFA46300EBF51D /* Views */,
				97F156A62CCFA46300EBF51D /* SavedViewController.swift */,
			);
			path = Saved;
			sourceTree = "<group>";
		};
		97F156A92CCFA46300EBF51D /* Shop */ = {
			isa = PBXGroup;
			children = (
				97F156A82CCFA46300EBF51D /* ShopViewController.swift */,
			);
			path = Shop;
			sourceTree = "<group>";
		};
		97F156AB2CCFA46300EBF51D /* Style */ = {
			isa = PBXGroup;
			children = (
				97F156AA2CCFA46300EBF51D /* StyleViewController.swift */,
			);
			path = Style;
			sourceTree = "<group>";
		};
		97F156AC2CCFA46300EBF51D /* Presentation */ = {
			isa = PBXGroup;
			children = (
				97F156972CCFA46300EBF51D /* Home */,
				97F1569A2CCFA46300EBF51D /* Login */,
				97F156A22CCFA46300EBF51D /* My */,
				97F156A72CCFA46300EBF51D /* Saved */,
				97F156A92CCFA46300EBF51D /* Shop */,
				97F156AB2CCFA46300EBF51D /* Style */,
			);
			path = Presentation;
			sourceTree = "<group>";
		};
/* End PBXGroup section */

/* Begin PBXNativeTarget section */
		97F1562F2CCFA18300EBF51D /* Kream_CloneCoding */ = {
			isa = PBXNativeTarget;
			buildConfigurationList = 97F1565A2CCFA18300EBF51D /* Build configuration list for PBXNativeTarget "Kream_CloneCoding" */;
			buildPhases = (
				97F1562C2CCFA18300EBF51D /* Sources */,
				97F1562D2CCFA18300EBF51D /* Frameworks */,
				97F1562E2CCFA18300EBF51D /* Resources */,
			);
			buildRules = (
			);
			dependencies = (
			);
			name = Kream_CloneCoding;
			packageProductDependencies = (
				97F1568C2CCFA35100EBF51D /* SnapKit */,
			);
			productName = Kream_CloneCoding;
			productReference = 97F156302CCFA18300EBF51D /* Kream_CloneCoding.app */;
			productType = "com.apple.product-type.application";
		};
		97F156452CCFA18300EBF51D /* Kream_CloneCodingTests */ = {
			isa = PBXNativeTarget;
			buildConfigurationList = 97F1565D2CCFA18300EBF51D /* Build configuration list for PBXNativeTarget "Kream_CloneCodingTests" */;
			buildPhases = (
				97F156422CCFA18300EBF51D /* Sources */,
				97F156432CCFA18300EBF51D /* Frameworks */,
				97F156442CCFA18300EBF51D /* Resources */,
			);
			buildRules = (
			);
			dependencies = (
				97F156482CCFA18300EBF51D /* PBXTargetDependency */,
			);
			name = Kream_CloneCodingTests;
			productName = Kream_CloneCodingTests;
			productReference = 97F156462CCFA18300EBF51D /* Kream_CloneCodingTests.xctest */;
			productType = "com.apple.product-type.bundle.unit-test";
		};
		97F1564F2CCFA18300EBF51D /* Kream_CloneCodingUITests */ = {
			isa = PBXNativeTarget;
			buildConfigurationList = 97F156602CCFA18300EBF51D /* Build configuration list for PBXNativeTarget "Kream_CloneCodingUITests" */;
			buildPhases = (
				97F1564C2CCFA18300EBF51D /* Sources */,
				97F1564D2CCFA18300EBF51D /* Frameworks */,
				97F1564E2CCFA18300EBF51D /* Resources */,
			);
			buildRules = (
			);
			dependencies = (
				97F156522CCFA18300EBF51D /* PBXTargetDependency */,
			);
			name = Kream_CloneCodingUITests;
			productName = Kream_CloneCodingUITests;
			productReference = 97F156502CCFA18300EBF51D /* Kream_CloneCodingUITests.xctest */;
			productType = "com.apple.product-type.bundle.ui-testing";
		};
/* End PBXNativeTarget section */

/* Begin PBXProject section */
		97F156282CCFA18300EBF51D /* Project object */ = {
			isa = PBXProject;
			attributes = {
				BuildIndependentTargetsInParallel = 1;
				LastSwiftUpdateCheck = 1540;
				LastUpgradeCheck = 1540;
				TargetAttributes = {
					97F1562F2CCFA18300EBF51D = {
						CreatedOnToolsVersion = 15.4;
					};
					97F156452CCFA18300EBF51D = {
						CreatedOnToolsVersion = 15.4;
						TestTargetID = 97F1562F2CCFA18300EBF51D;
					};
					97F1564F2CCFA18300EBF51D = {
						CreatedOnToolsVersion = 15.4;
						TestTargetID = 97F1562F2CCFA18300EBF51D;
					};
				};
			};
			buildConfigurationList = 97F1562B2CCFA18300EBF51D /* Build configuration list for PBXProject "Kream_CloneCoding" */;
			compatibilityVersion = "Xcode 14.0";
			developmentRegion = en;
			hasScannedForEncodings = 0;
			knownRegions = (
				en,
				Base,
			);
			mainGroup = 97F156272CCFA18300EBF51D;
			packageReferences = (
				97F1568B2CCFA33F00EBF51D /* XCRemoteSwiftPackageReference "SnapKit" */,
			);
			productRefGroup = 97F156312CCFA18300EBF51D /* Products */;
			projectDirPath = "";
			projectRoot = "";
			targets = (
				97F1562F2CCFA18300EBF51D /* Kream_CloneCoding */,
				97F156452CCFA18300EBF51D /* Kream_CloneCodingTests */,
				97F1564F2CCFA18300EBF51D /* Kream_CloneCodingUITests */,
			);
		};
/* End PBXProject section */

/* Begin PBXResourcesBuildPhase section */
		97F1562E2CCFA18300EBF51D /* Resources */ = {
			isa = PBXResourcesBuildPhase;
			buildActionMask = 2147483647;
			files = (
				97F156902CCFA44900EBF51D /* Assets.xcassets in Resources */,
			);
			runOnlyForDeploymentPostprocessing = 0;
		};
		97F156442CCFA18300EBF51D /* Resources */ = {
			isa = PBXResourcesBuildPhase;
			buildActionMask = 2147483647;
			files = (
			);
			runOnlyForDeploymentPostprocessing = 0;
		};
		97F1564E2CCFA18300EBF51D /* Resources */ = {
			isa = PBXResourcesBuildPhase;
			buildActionMask = 2147483647;
			files = (
			);
			runOnlyForDeploymentPostprocessing = 0;
		};
/* End PBXResourcesBuildPhase section */

/* Begin PBXSourcesBuildPhase section */
		97F1562C2CCFA18300EBF51D /* Sources */ = {
			isa = PBXSourcesBuildPhase;
			buildActionMask = 2147483647;
			files = (
				97F156AF2CCFA46300EBF51D /* LoginViewController.swift in Sources */,
				97F156B12CCFA46300EBF51D /* MyPageViewController.swift in Sources */,
				97F156BB2CCFA4CA00EBF51D /* MainTabBarController.swift in Sources */,
				97F156B52CCFA46300EBF51D /* SavedTableViewCell.swift in Sources */,
				97F156B72CCFA46300EBF51D /* SavedViewController.swift in Sources */,
				97F156AE2CCFA46300EBF51D /* LoginView.swift in Sources */,
				97F156B22CCFA46300EBF51D /* MyPageTopView.swift in Sources */,
				97F156AD2CCFA46300EBF51D /* HomeViewController.swift in Sources */,
				97F156952CCFA45400EBF51D /* UserInfo.swift in Sources */,
				97F156B32CCFA46300EBF51D /* MyPageView.swift in Sources */,
				97F156B02CCFA46300EBF51D /* MyPageManageViewController.swift in Sources */,
				97F156342CCFA18300EBF51D /* AppDelegate.swift in Sources */,
				97F156B62CCFA46300EBF51D /* SavedView.swift in Sources */,
				97F156B82CCFA46300EBF51D /* ShopViewController.swift in Sources */,
				97F156942CCFA45400EBF51D /* SavedProduct.swift in Sources */,
				97F156B92CCFA46300EBF51D /* StyleViewController.swift in Sources */,
				97F156B42CCFA46300EBF51D /* ProfileManagerView.swift in Sources */,
				97F156362CCFA18300EBF51D /* SceneDelegate.swift in Sources */,
			);
			runOnlyForDeploymentPostprocessing = 0;
		};
		97F156422CCFA18300EBF51D /* Sources */ = {
			isa = PBXSourcesBuildPhase;
			buildActionMask = 2147483647;
			files = (
				97F1564B2CCFA18300EBF51D /* Kream_CloneCodingTests.swift in Sources */,
			);
			runOnlyForDeploymentPostprocessing = 0;
		};
		97F1564C2CCFA18300EBF51D /* Sources */ = {
			isa = PBXSourcesBuildPhase;
			buildActionMask = 2147483647;
			files = (
				97F156552CCFA18300EBF51D /* Kream_CloneCodingUITests.swift in Sources */,
				97F156572CCFA18300EBF51D /* Kream_CloneCodingUITestsLaunchTests.swift in Sources */,
			);
			runOnlyForDeploymentPostprocessing = 0;
		};
/* End PBXSourcesBuildPhase section */

/* Begin PBXTargetDependency section */
		97F156482CCFA18300EBF51D /* PBXTargetDependency */ = {
			isa = PBXTargetDependency;
			target = 97F1562F2CCFA18300EBF51D /* Kream_CloneCoding */;
			targetProxy = 97F156472CCFA18300EBF51D /* PBXContainerItemProxy */;
		};
		97F156522CCFA18300EBF51D /* PBXTargetDependency */ = {
			isa = PBXTargetDependency;
			target = 97F1562F2CCFA18300EBF51D /* Kream_CloneCoding */;
			targetProxy = 97F156512CCFA18300EBF51D /* PBXContainerItemProxy */;
		};
/* End PBXTargetDependency section */

/* Begin XCBuildConfiguration section */
		97F156582CCFA18300EBF51D /* Debug */ = {
			isa = XCBuildConfiguration;
			buildSettings = {
				ALWAYS_SEARCH_USER_PATHS = NO;
				ASSETCATALOG_COMPILER_GENERATE_SWIFT_ASSET_SYMBOL_EXTENSIONS = YES;
				CLANG_ANALYZER_NONNULL = YES;
				CLANG_ANALYZER_NUMBER_OBJECT_CONVERSION = YES_AGGRESSIVE;
				CLANG_CXX_LANGUAGE_STANDARD = "gnu++20";
				CLANG_ENABLE_MODULES = YES;
				CLANG_ENABLE_OBJC_ARC = YES;
				CLANG_ENABLE_OBJC_WEAK = YES;
				CLANG_WARN_BLOCK_CAPTURE_AUTORELEASING = YES;
				CLANG_WARN_BOOL_CONVERSION = YES;
				CLANG_WARN_COMMA = YES;
				CLANG_WARN_CONSTANT_CONVERSION = YES;
				CLANG_WARN_DEPRECATED_OBJC_IMPLEMENTATIONS = YES;
				CLANG_WARN_DIRECT_OBJC_ISA_USAGE = YES_ERROR;
				CLANG_WARN_DOCUMENTATION_COMMENTS = YES;
				CLANG_WARN_EMPTY_BODY = YES;
				CLANG_WARN_ENUM_CONVERSION = YES;
				CLANG_WARN_INFINITE_RECURSION = YES;
				CLANG_WARN_INT_CONVERSION = YES;
				CLANG_WARN_NON_LITERAL_NULL_CONVERSION = YES;
				CLANG_WARN_OBJC_IMPLICIT_RETAIN_SELF = YES;
				CLANG_WARN_OBJC_LITERAL_CONVERSION = YES;
				CLANG_WARN_OBJC_ROOT_CLASS = YES_ERROR;
				CLANG_WARN_QUOTED_INCLUDE_IN_FRAMEWORK_HEADER = YES;
				CLANG_WARN_RANGE_LOOP_ANALYSIS = YES;
				CLANG_WARN_STRICT_PROTOTYPES = YES;
				CLANG_WARN_SUSPICIOUS_MOVE = YES;
				CLANG_WARN_UNGUARDED_AVAILABILITY = YES_AGGRESSIVE;
				CLANG_WARN_UNREACHABLE_CODE = YES;
				CLANG_WARN__DUPLICATE_METHOD_MATCH = YES;
				COPY_PHASE_STRIP = NO;
				DEBUG_INFORMATION_FORMAT = dwarf;
				ENABLE_STRICT_OBJC_MSGSEND = YES;
				ENABLE_TESTABILITY = YES;
				ENABLE_USER_SCRIPT_SANDBOXING = YES;
				GCC_C_LANGUAGE_STANDARD = gnu17;
				GCC_DYNAMIC_NO_PIC = NO;
				GCC_NO_COMMON_BLOCKS = YES;
				GCC_OPTIMIZATION_LEVEL = 0;
				GCC_PREPROCESSOR_DEFINITIONS = (
					"DEBUG=1",
					"$(inherited)",
				);
				GCC_WARN_64_TO_32_BIT_CONVERSION = YES;
				GCC_WARN_ABOUT_RETURN_TYPE = YES_ERROR;
				GCC_WARN_UNDECLARED_SELECTOR = YES;
				GCC_WARN_UNINITIALIZED_AUTOS = YES_AGGRESSIVE;
				GCC_WARN_UNUSED_FUNCTION = YES;
				GCC_WARN_UNUSED_VARIABLE = YES;
				IPHONEOS_DEPLOYMENT_TARGET = 17.5;
				LOCALIZATION_PREFERS_STRING_CATALOGS = YES;
				MTL_ENABLE_DEBUG_INFO = INCLUDE_SOURCE;
				MTL_FAST_MATH = YES;
				ONLY_ACTIVE_ARCH = YES;
				SDKROOT = iphoneos;
				SWIFT_ACTIVE_COMPILATION_CONDITIONS = "DEBUG $(inherited)";
				SWIFT_OPTIMIZATION_LEVEL = "-Onone";
			};
			name = Debug;
		};
		97F156592CCFA18300EBF51D /* Release */ = {
			isa = XCBuildConfiguration;
			buildSettings = {
				ALWAYS_SEARCH_USER_PATHS = NO;
				ASSETCATALOG_COMPILER_GENERATE_SWIFT_ASSET_SYMBOL_EXTENSIONS = YES;
				CLANG_ANALYZER_NONNULL = YES;
				CLANG_ANALYZER_NUMBER_OBJECT_CONVERSION = YES_AGGRESSIVE;
				CLANG_CXX_LANGUAGE_STANDARD = "gnu++20";
				CLANG_ENABLE_MODULES = YES;
				CLANG_ENABLE_OBJC_ARC = YES;
				CLANG_ENABLE_OBJC_WEAK = YES;
				CLANG_WARN_BLOCK_CAPTURE_AUTORELEASING = YES;
				CLANG_WARN_BOOL_CONVERSION = YES;
				CLANG_WARN_COMMA = YES;
				CLANG_WARN_CONSTANT_CONVERSION = YES;
				CLANG_WARN_DEPRECATED_OBJC_IMPLEMENTATIONS = YES;
				CLANG_WARN_DIRECT_OBJC_ISA_USAGE = YES_ERROR;
				CLANG_WARN_DOCUMENTATION_COMMENTS = YES;
				CLANG_WARN_EMPTY_BODY = YES;
				CLANG_WARN_ENUM_CONVERSION = YES;
				CLANG_WARN_INFINITE_RECURSION = YES;
				CLANG_WARN_INT_CONVERSION = YES;
				CLANG_WARN_NON_LITERAL_NULL_CONVERSION = YES;
				CLANG_WARN_OBJC_IMPLICIT_RETAIN_SELF = YES;
				CLANG_WARN_OBJC_LITERAL_CONVERSION = YES;
				CLANG_WARN_OBJC_ROOT_CLASS = YES_ERROR;
				CLANG_WARN_QUOTED_INCLUDE_IN_FRAMEWORK_HEADER = YES;
				CLANG_WARN_RANGE_LOOP_ANALYSIS = YES;
				CLANG_WARN_STRICT_PROTOTYPES = YES;
				CLANG_WARN_SUSPICIOUS_MOVE = YES;
				CLANG_WARN_UNGUARDED_AVAILABILITY = YES_AGGRESSIVE;
				CLANG_WARN_UNREACHABLE_CODE = YES;
				CLANG_WARN__DUPLICATE_METHOD_MATCH = YES;
				COPY_PHASE_STRIP = NO;
				DEBUG_INFORMATION_FORMAT = "dwarf-with-dsym";
				ENABLE_NS_ASSERTIONS = NO;
				ENABLE_STRICT_OBJC_MSGSEND = YES;
				ENABLE_USER_SCRIPT_SANDBOXING = YES;
				GCC_C_LANGUAGE_STANDARD = gnu17;
				GCC_NO_COMMON_BLOCKS = YES;
				GCC_WARN_64_TO_32_BIT_CONVERSION = YES;
				GCC_WARN_ABOUT_RETURN_TYPE = YES_ERROR;
				GCC_WARN_UNDECLARED_SELECTOR = YES;
				GCC_WARN_UNINITIALIZED_AUTOS = YES_AGGRESSIVE;
				GCC_WARN_UNUSED_FUNCTION = YES;
				GCC_WARN_UNUSED_VARIABLE = YES;
				IPHONEOS_DEPLOYMENT_TARGET = 17.5;
				LOCALIZATION_PREFERS_STRING_CATALOGS = YES;
				MTL_ENABLE_DEBUG_INFO = NO;
				MTL_FAST_MATH = YES;
				SDKROOT = iphoneos;
				SWIFT_COMPILATION_MODE = wholemodule;
				VALIDATE_PRODUCT = YES;
			};
			name = Release;
		};
		97F1565B2CCFA18300EBF51D /* Debug */ = {
			isa = XCBuildConfiguration;
			buildSettings = {
				ASSETCATALOG_COMPILER_APPICON_NAME = AppIcon;
				ASSETCATALOG_COMPILER_GLOBAL_ACCENT_COLOR_NAME = AccentColor;
				CODE_SIGN_STYLE = Automatic;
				CURRENT_PROJECT_VERSION = 1;
				GENERATE_INFOPLIST_FILE = YES;
				INFOPLIST_FILE = Kream_CloneCoding/Info.plist;
				INFOPLIST_KEY_UIApplicationSupportsIndirectInputEvents = YES;
				INFOPLIST_KEY_UILaunchStoryboardName = LaunchScreen;
				INFOPLIST_KEY_UISupportedInterfaceOrientations_iPad = "UIInterfaceOrientationPortrait UIInterfaceOrientationPortraitUpsideDown UIInterfaceOrientationLandscapeLeft UIInterfaceOrientationLandscapeRight";
				INFOPLIST_KEY_UISupportedInterfaceOrientations_iPhone = "UIInterfaceOrientationPortrait UIInterfaceOrientationLandscapeLeft UIInterfaceOrientationLandscapeRight";
				LD_RUNPATH_SEARCH_PATHS = (
					"$(inherited)",
					"@executable_path/Frameworks",
				);
				MARKETING_VERSION = 1.0;
				PRODUCT_BUNDLE_IDENTIFIER = "UMC7th-iOS.Kream-CloneCoding";
				PRODUCT_NAME = "$(TARGET_NAME)";
				SWIFT_EMIT_LOC_STRINGS = YES;
				SWIFT_VERSION = 5.0;
				TARGETED_DEVICE_FAMILY = "1,2";
			};
			name = Debug;
		};
		97F1565C2CCFA18300EBF51D /* Release */ = {
			isa = XCBuildConfiguration;
			buildSettings = {
				ASSETCATALOG_COMPILER_APPICON_NAME = AppIcon;
				ASSETCATALOG_COMPILER_GLOBAL_ACCENT_COLOR_NAME = AccentColor;
				CODE_SIGN_STYLE = Automatic;
				CURRENT_PROJECT_VERSION = 1;
				GENERATE_INFOPLIST_FILE = YES;
				INFOPLIST_FILE = Kream_CloneCoding/Info.plist;
				INFOPLIST_KEY_UIApplicationSupportsIndirectInputEvents = YES;
				INFOPLIST_KEY_UILaunchStoryboardName = LaunchScreen;
				INFOPLIST_KEY_UISupportedInterfaceOrientations_iPad = "UIInterfaceOrientationPortrait UIInterfaceOrientationPortraitUpsideDown UIInterfaceOrientationLandscapeLeft UIInterfaceOrientationLandscapeRight";
				INFOPLIST_KEY_UISupportedInterfaceOrientations_iPhone = "UIInterfaceOrientationPortrait UIInterfaceOrientationLandscapeLeft UIInterfaceOrientationLandscapeRight";
				LD_RUNPATH_SEARCH_PATHS = (
					"$(inherited)",
					"@executable_path/Frameworks",
				);
				MARKETING_VERSION = 1.0;
				PRODUCT_BUNDLE_IDENTIFIER = "UMC7th-iOS.Kream-CloneCoding";
				PRODUCT_NAME = "$(TARGET_NAME)";
				SWIFT_EMIT_LOC_STRINGS = YES;
				SWIFT_VERSION = 5.0;
				TARGETED_DEVICE_FAMILY = "1,2";
			};
			name = Release;
		};
		97F1565E2CCFA18300EBF51D /* Debug */ = {
			isa = XCBuildConfiguration;
			buildSettings = {
				ALWAYS_EMBED_SWIFT_STANDARD_LIBRARIES = YES;
				BUNDLE_LOADER = "$(TEST_HOST)";
				CODE_SIGN_STYLE = Automatic;
				CURRENT_PROJECT_VERSION = 1;
				GENERATE_INFOPLIST_FILE = YES;
				IPHONEOS_DEPLOYMENT_TARGET = 17.5;
				MARKETING_VERSION = 1.0;
				PRODUCT_BUNDLE_IDENTIFIER = "UMC7th-iOS.Kream-CloneCodingTests";
				PRODUCT_NAME = "$(TARGET_NAME)";
				SWIFT_EMIT_LOC_STRINGS = NO;
				SWIFT_VERSION = 5.0;
				TARGETED_DEVICE_FAMILY = "1,2";
				TEST_HOST = "$(BUILT_PRODUCTS_DIR)/Kream_CloneCoding.app/$(BUNDLE_EXECUTABLE_FOLDER_PATH)/Kream_CloneCoding";
			};
			name = Debug;
		};
		97F1565F2CCFA18300EBF51D /* Release */ = {
			isa = XCBuildConfiguration;
			buildSettings = {
				ALWAYS_EMBED_SWIFT_STANDARD_LIBRARIES = YES;
				BUNDLE_LOADER = "$(TEST_HOST)";
				CODE_SIGN_STYLE = Automatic;
				CURRENT_PROJECT_VERSION = 1;
				GENERATE_INFOPLIST_FILE = YES;
				IPHONEOS_DEPLOYMENT_TARGET = 17.5;
				MARKETING_VERSION = 1.0;
				PRODUCT_BUNDLE_IDENTIFIER = "UMC7th-iOS.Kream-CloneCodingTests";
				PRODUCT_NAME = "$(TARGET_NAME)";
				SWIFT_EMIT_LOC_STRINGS = NO;
				SWIFT_VERSION = 5.0;
				TARGETED_DEVICE_FAMILY = "1,2";
				TEST_HOST = "$(BUILT_PRODUCTS_DIR)/Kream_CloneCoding.app/$(BUNDLE_EXECUTABLE_FOLDER_PATH)/Kream_CloneCoding";
			};
			name = Release;
		};
		97F156612CCFA18300EBF51D /* Debug */ = {
			isa = XCBuildConfiguration;
			buildSettings = {
				ALWAYS_EMBED_SWIFT_STANDARD_LIBRARIES = YES;
				CODE_SIGN_STYLE = Automatic;
				CURRENT_PROJECT_VERSION = 1;
				GENERATE_INFOPLIST_FILE = YES;
				MARKETING_VERSION = 1.0;
				PRODUCT_BUNDLE_IDENTIFIER = "UMC7th-iOS.Kream-CloneCodingUITests";
				PRODUCT_NAME = "$(TARGET_NAME)";
				SWIFT_EMIT_LOC_STRINGS = NO;
				SWIFT_VERSION = 5.0;
				TARGETED_DEVICE_FAMILY = "1,2";
				TEST_TARGET_NAME = Kream_CloneCoding;
			};
			name = Debug;
		};
		97F156622CCFA18300EBF51D /* Release */ = {
			isa = XCBuildConfiguration;
			buildSettings = {
				ALWAYS_EMBED_SWIFT_STANDARD_LIBRARIES = YES;
				CODE_SIGN_STYLE = Automatic;
				CURRENT_PROJECT_VERSION = 1;
				GENERATE_INFOPLIST_FILE = YES;
				MARKETING_VERSION = 1.0;
				PRODUCT_BUNDLE_IDENTIFIER = "UMC7th-iOS.Kream-CloneCodingUITests";
				PRODUCT_NAME = "$(TARGET_NAME)";
				SWIFT_EMIT_LOC_STRINGS = NO;
				SWIFT_VERSION = 5.0;
				TARGETED_DEVICE_FAMILY = "1,2";
				TEST_TARGET_NAME = Kream_CloneCoding;
			};
			name = Release;
		};
/* End XCBuildConfiguration section */

/* Begin XCConfigurationList section */
		97F1562B2CCFA18300EBF51D /* Build configuration list for PBXProject "Kream_CloneCoding" */ = {
			isa = XCConfigurationList;
			buildConfigurations = (
				97F156582CCFA18300EBF51D /* Debug */,
				97F156592CCFA18300EBF51D /* Release */,
			);
			defaultConfigurationIsVisible = 0;
			defaultConfigurationName = Release;
		};
		97F1565A2CCFA18300EBF51D /* Build configuration list for PBXNativeTarget "Kream_CloneCoding" */ = {
			isa = XCConfigurationList;
			buildConfigurations = (
				97F1565B2CCFA18300EBF51D /* Debug */,
				97F1565C2CCFA18300EBF51D /* Release */,
			);
			defaultConfigurationIsVisible = 0;
			defaultConfigurationName = Release;
		};
		97F1565D2CCFA18300EBF51D /* Build configuration list for PBXNativeTarget "Kream_CloneCodingTests" */ = {
			isa = XCConfigurationList;
			buildConfigurations = (
				97F1565E2CCFA18300EBF51D /* Debug */,
				97F1565F2CCFA18300EBF51D /* Release */,
			);
			defaultConfigurationIsVisible = 0;
			defaultConfigurationName = Release;
		};
		97F156602CCFA18300EBF51D /* Build configuration list for PBXNativeTarget "Kream_CloneCodingUITests" */ = {
			isa = XCConfigurationList;
			buildConfigurations = (
				97F156612CCFA18300EBF51D /* Debug */,
				97F156622CCFA18300EBF51D /* Release */,
			);
			defaultConfigurationIsVisible = 0;
			defaultConfigurationName = Release;
		};
/* End XCConfigurationList section */

/* Begin XCRemoteSwiftPackageReference section */
		97F1568B2CCFA33F00EBF51D /* XCRemoteSwiftPackageReference "SnapKit" */ = {
			isa = XCRemoteSwiftPackageReference;
			repositoryURL = "https://github.com/SnapKit/SnapKit";
			requirement = {
				kind = upToNextMajorVersion;
				minimumVersion = 5.7.1;
			};
		};
/* End XCRemoteSwiftPackageReference section */

/* Begin XCSwiftPackageProductDependency section */
		97F1568C2CCFA35100EBF51D /* SnapKit */ = {
			isa = XCSwiftPackageProductDependency;
			package = 97F1568B2CCFA33F00EBF51D /* XCRemoteSwiftPackageReference "SnapKit" */;
			productName = SnapKit;
		};
/* End XCSwiftPackageProductDependency section */
	};
	rootObject = 97F156282CCFA18300EBF51D /* Project object */;
}
