// !$*UTF8*$!
{
	archiveVersion = 1;
	classes = {
	};
	objectVersion = 56;
	objects = {

/* Begin PBXBuildFile section */
		9778CC702CD0D4A300768218 /* HomeJustDroppedColletionViewCell.swift in Sources */ = {isa = PBXBuildFile; fileRef = 9778CC6F2CD0D4A300768218 /* HomeJustDroppedColletionViewCell.swift */; };
		9778CC722CD0D4BB00768218 /* HomeChallengeColletionViewCell.swift in Sources */ = {isa = PBXBuildFile; fileRef = 9778CC712CD0D4BB00768218 /* HomeChallengeColletionViewCell.swift */; };
		9778CC752CD0D5A600768218 /* SavedTableViewCell.swift in Sources */ = {isa = PBXBuildFile; fileRef = 9778CC742CD0D5A600768218 /* SavedTableViewCell.swift */; };
		9778CCD92CD710D400768218 /* HomeModel.swift in Sources */ = {isa = PBXBuildFile; fileRef = 9778CCD82CD710D400768218 /* HomeModel.swift */; };
		97BC67492CCFBAD100FEB356 /* AppDelegate.swift in Sources */ = {isa = PBXBuildFile; fileRef = 97BC67482CCFBAD100FEB356 /* AppDelegate.swift */; };
		97BC674B2CCFBAD100FEB356 /* SceneDelegate.swift in Sources */ = {isa = PBXBuildFile; fileRef = 97BC674A2CCFBAD100FEB356 /* SceneDelegate.swift */; };
		97BC67602CCFBAD100FEB356 /* Kream_cloneCodingTests.swift in Sources */ = {isa = PBXBuildFile; fileRef = 97BC675F2CCFBAD100FEB356 /* Kream_cloneCodingTests.swift */; };
		97BC676A2CCFBAD100FEB356 /* Kream_cloneCodingUITests.swift in Sources */ = {isa = PBXBuildFile; fileRef = 97BC67692CCFBAD100FEB356 /* Kream_cloneCodingUITests.swift */; };
		97BC676C2CCFBAD100FEB356 /* Kream_cloneCodingUITestsLaunchTests.swift in Sources */ = {isa = PBXBuildFile; fileRef = 97BC676B2CCFBAD100FEB356 /* Kream_cloneCodingUITestsLaunchTests.swift */; };
		97BC677F2CCFBB4A00FEB356 /* LoginModel.swift in Sources */ = {isa = PBXBuildFile; fileRef = 97BC677B2CCFBB4A00FEB356 /* LoginModel.swift */; };
		97BC67802CCFBB4A00FEB356 /* Product.swift in Sources */ = {isa = PBXBuildFile; fileRef = 97BC677C2CCFBB4A00FEB356 /* Product.swift */; };
		97BC67962CCFBB5200FEB356 /* HomeCategoryCollectionViewCell.swift in Sources */ = {isa = PBXBuildFile; fileRef = 97BC67812CCFBB5200FEB356 /* HomeCategoryCollectionViewCell.swift */; };
		97BC67A02CCFBB5200FEB356 /* EditMyProfileView.swift in Sources */ = {isa = PBXBuildFile; fileRef = 97BC678E2CCFBB5200FEB356 /* EditMyProfileView.swift */; };
		97BC67A12CCFBB5200FEB356 /* HomeView.swift in Sources */ = {isa = PBXBuildFile; fileRef = 97BC678F2CCFBB5200FEB356 /* HomeView.swift */; };
		97BC67A22CCFBB5200FEB356 /* LoginView.swift in Sources */ = {isa = PBXBuildFile; fileRef = 97BC67902CCFBB5200FEB356 /* LoginView.swift */; };
		97BC67A32CCFBB5200FEB356 /* MyProfileView.swift in Sources */ = {isa = PBXBuildFile; fileRef = 97BC67912CCFBB5200FEB356 /* MyProfileView.swift */; };
		97BC67A42CCFBB5200FEB356 /* QuickLoginButton.swift in Sources */ = {isa = PBXBuildFile; fileRef = 97BC67922CCFBB5200FEB356 /* QuickLoginButton.swift */; };
		97BC67A52CCFBB5200FEB356 /* SavedTableView.swift in Sources */ = {isa = PBXBuildFile; fileRef = 97BC67932CCFBB5200FEB356 /* SavedTableView.swift */; };
		97BC67BB2CCFBC0400FEB356 /* SnapKit in Frameworks */ = {isa = PBXBuildFile; productRef = 97BC67BA2CCFBC0400FEB356 /* SnapKit */; };
		97BC67C62CCFBD1E00FEB356 /* ShopViewController.swift in Sources */ = {isa = PBXBuildFile; fileRef = 97BC67BC2CCFBD1E00FEB356 /* ShopViewController.swift */; };
		97BC67C72CCFBD1E00FEB356 /* StyleViewController.swift in Sources */ = {isa = PBXBuildFile; fileRef = 97BC67BD2CCFBD1E00FEB356 /* StyleViewController.swift */; };
		97BC67C82CCFBD1E00FEB356 /* EditMyProfileViewController.swift in Sources */ = {isa = PBXBuildFile; fileRef = 97BC67BF2CCFBD1E00FEB356 /* EditMyProfileViewController.swift */; };
		97BC67C92CCFBD1E00FEB356 /* HomeViewController.swift in Sources */ = {isa = PBXBuildFile; fileRef = 97BC67C02CCFBD1E00FEB356 /* HomeViewController.swift */; };
		97BC67CA2CCFBD1E00FEB356 /* LoginViewController.swift in Sources */ = {isa = PBXBuildFile; fileRef = 97BC67C12CCFBD1E00FEB356 /* LoginViewController.swift */; };
		97BC67CB2CCFBD1E00FEB356 /* MyProfileViewController.swift in Sources */ = {isa = PBXBuildFile; fileRef = 97BC67C22CCFBD1E00FEB356 /* MyProfileViewController.swift */; };
		97BC67CC2CCFBD1E00FEB356 /* SavedViewController.swift in Sources */ = {isa = PBXBuildFile; fileRef = 97BC67C32CCFBD1E00FEB356 /* SavedViewController.swift */; };
		97BC67CD2CCFBD1E00FEB356 /* TabBarViewController.swift in Sources */ = {isa = PBXBuildFile; fileRef = 97BC67C42CCFBD1E00FEB356 /* TabBarViewController.swift */; };
		97BC67CF2CCFBD5100FEB356 /* Assets.xcassets in Resources */ = {isa = PBXBuildFile; fileRef = 97BC67CE2CCFBD5100FEB356 /* Assets.xcassets */; };
/* End PBXBuildFile section */

/* Begin PBXContainerItemProxy section */
		97BC675C2CCFBAD100FEB356 /* PBXContainerItemProxy */ = {
			isa = PBXContainerItemProxy;
			containerPortal = 97BC673D2CCFBAD100FEB356 /* Project object */;
			proxyType = 1;
			remoteGlobalIDString = 97BC67442CCFBAD100FEB356;
			remoteInfo = Kream_cloneCoding;
		};
		97BC67662CCFBAD100FEB356 /* PBXContainerItemProxy */ = {
			isa = PBXContainerItemProxy;
			containerPortal = 97BC673D2CCFBAD100FEB356 /* Project object */;
			proxyType = 1;
			remoteGlobalIDString = 97BC67442CCFBAD100FEB356;
			remoteInfo = Kream_cloneCoding;
		};
/* End PBXContainerItemProxy section */

/* Begin PBXFileReference section */
		9778CC6F2CD0D4A300768218 /* HomeJustDroppedColletionViewCell.swift */ = {isa = PBXFileReference; lastKnownFileType = sourcecode.swift; path = HomeJustDroppedColletionViewCell.swift; sourceTree = "<group>"; };
		9778CC712CD0D4BB00768218 /* HomeChallengeColletionViewCell.swift */ = {isa = PBXFileReference; lastKnownFileType = sourcecode.swift; path = HomeChallengeColletionViewCell.swift; sourceTree = "<group>"; };
		9778CC742CD0D5A600768218 /* SavedTableViewCell.swift */ = {isa = PBXFileReference; fileEncoding = 4; lastKnownFileType = sourcecode.swift; path = SavedTableViewCell.swift; sourceTree = "<group>"; };
		9778CCD82CD710D400768218 /* HomeModel.swift */ = {isa = PBXFileReference; lastKnownFileType = sourcecode.swift; path = HomeModel.swift; sourceTree = "<group>"; };
		97BC67452CCFBAD100FEB356 /* Kream_cloneCoding.app */ = {isa = PBXFileReference; explicitFileType = wrapper.application; includeInIndex = 0; path = Kream_cloneCoding.app; sourceTree = BUILT_PRODUCTS_DIR; };
		97BC67482CCFBAD100FEB356 /* AppDelegate.swift */ = {isa = PBXFileReference; lastKnownFileType = sourcecode.swift; path = AppDelegate.swift; sourceTree = "<group>"; };
		97BC674A2CCFBAD100FEB356 /* SceneDelegate.swift */ = {isa = PBXFileReference; lastKnownFileType = sourcecode.swift; path = SceneDelegate.swift; sourceTree = "<group>"; };
		97BC67562CCFBAD100FEB356 /* Info.plist */ = {isa = PBXFileReference; lastKnownFileType = text.plist.xml; path = Info.plist; sourceTree = "<group>"; };
		97BC675B2CCFBAD100FEB356 /* Kream_cloneCodingTests.xctest */ = {isa = PBXFileReference; explicitFileType = wrapper.cfbundle; includeInIndex = 0; path = Kream_cloneCodingTests.xctest; sourceTree = BUILT_PRODUCTS_DIR; };
		97BC675F2CCFBAD100FEB356 /* Kream_cloneCodingTests.swift */ = {isa = PBXFileReference; lastKnownFileType = sourcecode.swift; path = Kream_cloneCodingTests.swift; sourceTree = "<group>"; };
		97BC67652CCFBAD100FEB356 /* Kream_cloneCodingUITests.xctest */ = {isa = PBXFileReference; explicitFileType = wrapper.cfbundle; includeInIndex = 0; path = Kream_cloneCodingUITests.xctest; sourceTree = BUILT_PRODUCTS_DIR; };
		97BC67692CCFBAD100FEB356 /* Kream_cloneCodingUITests.swift */ = {isa = PBXFileReference; lastKnownFileType = sourcecode.swift; path = Kream_cloneCodingUITests.swift; sourceTree = "<group>"; };
		97BC676B2CCFBAD100FEB356 /* Kream_cloneCodingUITestsLaunchTests.swift */ = {isa = PBXFileReference; lastKnownFileType = sourcecode.swift; path = Kream_cloneCodingUITestsLaunchTests.swift; sourceTree = "<group>"; };
		97BC677B2CCFBB4A00FEB356 /* LoginModel.swift */ = {isa = PBXFileReference; fileEncoding = 4; lastKnownFileType = sourcecode.swift; path = LoginModel.swift; sourceTree = "<group>"; };
		97BC677C2CCFBB4A00FEB356 /* Product.swift */ = {isa = PBXFileReference; fileEncoding = 4; lastKnownFileType = sourcecode.swift; path = Product.swift; sourceTree = "<group>"; };
		97BC67812CCFBB5200FEB356 /* HomeCategoryCollectionViewCell.swift */ = {isa = PBXFileReference; fileEncoding = 4; lastKnownFileType = sourcecode.swift; path = HomeCategoryCollectionViewCell.swift; sourceTree = "<group>"; };
		97BC678E2CCFBB5200FEB356 /* EditMyProfileView.swift */ = {isa = PBXFileReference; fileEncoding = 4; lastKnownFileType = sourcecode.swift; path = EditMyProfileView.swift; sourceTree = "<group>"; };
		97BC678F2CCFBB5200FEB356 /* HomeView.swift */ = {isa = PBXFileReference; fileEncoding = 4; lastKnownFileType = sourcecode.swift; path = HomeView.swift; sourceTree = "<group>"; };
		97BC67902CCFBB5200FEB356 /* LoginView.swift */ = {isa = PBXFileReference; fileEncoding = 4; lastKnownFileType = sourcecode.swift; path = LoginView.swift; sourceTree = "<group>"; };
		97BC67912CCFBB5200FEB356 /* MyProfileView.swift */ = {isa = PBXFileReference; fileEncoding = 4; lastKnownFileType = sourcecode.swift; path = MyProfileView.swift; sourceTree = "<group>"; };
		97BC67922CCFBB5200FEB356 /* QuickLoginButton.swift */ = {isa = PBXFileReference; fileEncoding = 4; lastKnownFileType = sourcecode.swift; path = QuickLoginButton.swift; sourceTree = "<group>"; };
		97BC67932CCFBB5200FEB356 /* SavedTableView.swift */ = {isa = PBXFileReference; fileEncoding = 4; lastKnownFileType = sourcecode.swift; path = SavedTableView.swift; sourceTree = "<group>"; };
		97BC67BC2CCFBD1E00FEB356 /* ShopViewController.swift */ = {isa = PBXFileReference; fileEncoding = 4; lastKnownFileType = sourcecode.swift; path = ShopViewController.swift; sourceTree = "<group>"; };
		97BC67BD2CCFBD1E00FEB356 /* StyleViewController.swift */ = {isa = PBXFileReference; fileEncoding = 4; lastKnownFileType = sourcecode.swift; path = StyleViewController.swift; sourceTree = "<group>"; };
		97BC67BF2CCFBD1E00FEB356 /* EditMyProfileViewController.swift */ = {isa = PBXFileReference; fileEncoding = 4; lastKnownFileType = sourcecode.swift; path = EditMyProfileViewController.swift; sourceTree = "<group>"; };
		97BC67C02CCFBD1E00FEB356 /* HomeViewController.swift */ = {isa = PBXFileReference; fileEncoding = 4; lastKnownFileType = sourcecode.swift; path = HomeViewController.swift; sourceTree = "<group>"; };
		97BC67C12CCFBD1E00FEB356 /* LoginViewController.swift */ = {isa = PBXFileReference; fileEncoding = 4; lastKnownFileType = sourcecode.swift; path = LoginViewController.swift; sourceTree = "<group>"; };
		97BC67C22CCFBD1E00FEB356 /* MyProfileViewController.swift */ = {isa = PBXFileReference; fileEncoding = 4; lastKnownFileType = sourcecode.swift; path = MyProfileViewController.swift; sourceTree = "<group>"; };
		97BC67C32CCFBD1E00FEB356 /* SavedViewController.swift */ = {isa = PBXFileReference; fileEncoding = 4; lastKnownFileType = sourcecode.swift; path = SavedViewController.swift; sourceTree = "<group>"; };
		97BC67C42CCFBD1E00FEB356 /* TabBarViewController.swift */ = {isa = PBXFileReference; fileEncoding = 4; lastKnownFileType = sourcecode.swift; path = TabBarViewController.swift; sourceTree = "<group>"; };
		97BC67CE2CCFBD5100FEB356 /* Assets.xcassets */ = {isa = PBXFileReference; lastKnownFileType = folder.assetcatalog; path = Assets.xcassets; sourceTree = "<group>"; };
/* End PBXFileReference section */

/* Begin PBXFrameworksBuildPhase section */
		97BC67422CCFBAD100FEB356 /* Frameworks */ = {
			isa = PBXFrameworksBuildPhase;
			buildActionMask = 2147483647;
			files = (
				97BC67BB2CCFBC0400FEB356 /* SnapKit in Frameworks */,
			);
			runOnlyForDeploymentPostprocessing = 0;
		};
		97BC67582CCFBAD100FEB356 /* Frameworks */ = {
			isa = PBXFrameworksBuildPhase;
			buildActionMask = 2147483647;
			files = (
			);
			runOnlyForDeploymentPostprocessing = 0;
		};
		97BC67622CCFBAD100FEB356 /* Frameworks */ = {
			isa = PBXFrameworksBuildPhase;
			buildActionMask = 2147483647;
			files = (
			);
			runOnlyForDeploymentPostprocessing = 0;
		};
/* End PBXFrameworksBuildPhase section */

/* Begin PBXGroup section */
		9778CC732CD0D52D00768218 /* Home */ = {
			isa = PBXGroup;
			children = (
				97BC678F2CCFBB5200FEB356 /* HomeView.swift */,
				97BC67812CCFBB5200FEB356 /* HomeCategoryCollectionViewCell.swift */,
				9778CC6F2CD0D4A300768218 /* HomeJustDroppedColletionViewCell.swift */,
				9778CC712CD0D4BB00768218 /* HomeChallengeColletionViewCell.swift */,
			);
			path = Home;
			sourceTree = "<group>";
		};
		97BC673C2CCFBAD100FEB356 = {
			isa = PBXGroup;
			children = (
				97BC67472CCFBAD100FEB356 /* Kream_cloneCoding */,
				97BC67CE2CCFBD5100FEB356 /* Assets.xcassets */,
				97BC675E2CCFBAD100FEB356 /* Kream_cloneCodingTests */,
				97BC67682CCFBAD100FEB356 /* Kream_cloneCodingUITests */,
				97BC67462CCFBAD100FEB356 /* Products */,
			);
			sourceTree = "<group>";
		};
		97BC67462CCFBAD100FEB356 /* Products */ = {
			isa = PBXGroup;
			children = (
				97BC67452CCFBAD100FEB356 /* Kream_cloneCoding.app */,
				97BC675B2CCFBAD100FEB356 /* Kream_cloneCodingTests.xctest */,
				97BC67652CCFBAD100FEB356 /* Kream_cloneCodingUITests.xctest */,
			);
			name = Products;
			sourceTree = "<group>";
		};
		97BC67472CCFBAD100FEB356 /* Kream_cloneCoding */ = {
			isa = PBXGroup;
			children = (
				97BC67482CCFBAD100FEB356 /* AppDelegate.swift */,
				97BC674A2CCFBAD100FEB356 /* SceneDelegate.swift */,
				97BC677D2CCFBB4A00FEB356 /* Models */,
				97BC67952CCFBB5200FEB356 /* Views */,
				97BC67C52CCFBD1E00FEB356 /* ViewControllers */,
				97BC67562CCFBAD100FEB356 /* Info.plist */,
			);
			path = Kream_cloneCoding;
			sourceTree = "<group>";
		};
		97BC675E2CCFBAD100FEB356 /* Kream_cloneCodingTests */ = {
			isa = PBXGroup;
			children = (
				97BC675F2CCFBAD100FEB356 /* Kream_cloneCodingTests.swift */,
			);
			path = Kream_cloneCodingTests;
			sourceTree = "<group>";
		};
		97BC67682CCFBAD100FEB356 /* Kream_cloneCodingUITests */ = {
			isa = PBXGroup;
			children = (
				97BC67692CCFBAD100FEB356 /* Kream_cloneCodingUITests.swift */,
				97BC676B2CCFBAD100FEB356 /* Kream_cloneCodingUITestsLaunchTests.swift */,
			);
			path = Kream_cloneCodingUITests;
			sourceTree = "<group>";
		};
		97BC677D2CCFBB4A00FEB356 /* Models */ = {
			isa = PBXGroup;
			children = (
				97BC677B2CCFBB4A00FEB356 /* LoginModel.swift */,
				9778CCD82CD710D400768218 /* HomeModel.swift */,
				97BC677C2CCFBB4A00FEB356 /* Product.swift */,
			);
			path = Models;
			sourceTree = "<group>";
		};
		97BC67952CCFBB5200FEB356 /* Views */ = {
			isa = PBXGroup;
			children = (
				9778CC732CD0D52D00768218 /* Home */,
				97BC67902CCFBB5200FEB356 /* LoginView.swift */,
				97BC67912CCFBB5200FEB356 /* MyProfileView.swift */,
				97BC678E2CCFBB5200FEB356 /* EditMyProfileView.swift */,
				97BC67922CCFBB5200FEB356 /* QuickLoginButton.swift */,
				97BC67932CCFBB5200FEB356 /* SavedTableView.swift */,
				9778CC742CD0D5A600768218 /* SavedTableViewCell.swift */,
			);
			path = Views;
			sourceTree = "<group>";
		};
		97BC67BE2CCFBD1E00FEB356 /* Later */ = {
			isa = PBXGroup;
			children = (
				97BC67BC2CCFBD1E00FEB356 /* ShopViewController.swift */,
				97BC67BD2CCFBD1E00FEB356 /* StyleViewController.swift */,
			);
			path = Later;
			sourceTree = "<group>";
		};
		97BC67C52CCFBD1E00FEB356 /* ViewControllers */ = {
			isa = PBXGroup;
			children = (
				97BC67C42CCFBD1E00FEB356 /* TabBarViewController.swift */,
				97BC67C12CCFBD1E00FEB356 /* LoginViewController.swift */,
				97BC67C02CCFBD1E00FEB356 /* HomeViewController.swift */,
				97BC67C32CCFBD1E00FEB356 /* SavedViewController.swift */,
				97BC67C22CCFBD1E00FEB356 /* MyProfileViewController.swift */,
				97BC67BF2CCFBD1E00FEB356 /* EditMyProfileViewController.swift */,
				97BC67BE2CCFBD1E00FEB356 /* Later */,
			);
			path = ViewControllers;
			sourceTree = "<group>";
		};
/* End PBXGroup section */

/* Begin PBXNativeTarget section */
		97BC67442CCFBAD100FEB356 /* Kream_cloneCoding */ = {
			isa = PBXNativeTarget;
			buildConfigurationList = 97BC676F2CCFBAD100FEB356 /* Build configuration list for PBXNativeTarget "Kream_cloneCoding" */;
			buildPhases = (
				97BC67412CCFBAD100FEB356 /* Sources */,
				97BC67422CCFBAD100FEB356 /* Frameworks */,
				97BC67432CCFBAD100FEB356 /* Resources */,
			);
			buildRules = (
			);
			dependencies = (
			);
			name = Kream_cloneCoding;
			packageProductDependencies = (
				97BC67BA2CCFBC0400FEB356 /* SnapKit */,
			);
			productName = Kream_cloneCoding;
			productReference = 97BC67452CCFBAD100FEB356 /* Kream_cloneCoding.app */;
			productType = "com.apple.product-type.application";
		};
		97BC675A2CCFBAD100FEB356 /* Kream_cloneCodingTests */ = {
			isa = PBXNativeTarget;
			buildConfigurationList = 97BC67722CCFBAD100FEB356 /* Build configuration list for PBXNativeTarget "Kream_cloneCodingTests" */;
			buildPhases = (
				97BC67572CCFBAD100FEB356 /* Sources */,
				97BC67582CCFBAD100FEB356 /* Frameworks */,
				97BC67592CCFBAD100FEB356 /* Resources */,
			);
			buildRules = (
			);
			dependencies = (
				97BC675D2CCFBAD100FEB356 /* PBXTargetDependency */,
			);
			name = Kream_cloneCodingTests;
			productName = Kream_cloneCodingTests;
			productReference = 97BC675B2CCFBAD100FEB356 /* Kream_cloneCodingTests.xctest */;
			productType = "com.apple.product-type.bundle.unit-test";
		};
		97BC67642CCFBAD100FEB356 /* Kream_cloneCodingUITests */ = {
			isa = PBXNativeTarget;
			buildConfigurationList = 97BC67752CCFBAD100FEB356 /* Build configuration list for PBXNativeTarget "Kream_cloneCodingUITests" */;
			buildPhases = (
				97BC67612CCFBAD100FEB356 /* Sources */,
				97BC67622CCFBAD100FEB356 /* Frameworks */,
				97BC67632CCFBAD100FEB356 /* Resources */,
			);
			buildRules = (
			);
			dependencies = (
				97BC67672CCFBAD100FEB356 /* PBXTargetDependency */,
			);
			name = Kream_cloneCodingUITests;
			productName = Kream_cloneCodingUITests;
			productReference = 97BC67652CCFBAD100FEB356 /* Kream_cloneCodingUITests.xctest */;
			productType = "com.apple.product-type.bundle.ui-testing";
		};
/* End PBXNativeTarget section */

/* Begin PBXProject section */
		97BC673D2CCFBAD100FEB356 /* Project object */ = {
			isa = PBXProject;
			attributes = {
				BuildIndependentTargetsInParallel = 1;
				LastSwiftUpdateCheck = 1540;
				LastUpgradeCheck = 1540;
				TargetAttributes = {
					97BC67442CCFBAD100FEB356 = {
						CreatedOnToolsVersion = 15.4;
					};
					97BC675A2CCFBAD100FEB356 = {
						CreatedOnToolsVersion = 15.4;
						TestTargetID = 97BC67442CCFBAD100FEB356;
					};
					97BC67642CCFBAD100FEB356 = {
						CreatedOnToolsVersion = 15.4;
						TestTargetID = 97BC67442CCFBAD100FEB356;
					};
				};
			};
			buildConfigurationList = 97BC67402CCFBAD100FEB356 /* Build configuration list for PBXProject "Kream_cloneCoding" */;
			compatibilityVersion = "Xcode 14.0";
			developmentRegion = en;
			hasScannedForEncodings = 0;
			knownRegions = (
				en,
				Base,
			);
			mainGroup = 97BC673C2CCFBAD100FEB356;
			packageReferences = (
				97BC67B92CCFBC0400FEB356 /* XCRemoteSwiftPackageReference "SnapKit" */,
			);
			productRefGroup = 97BC67462CCFBAD100FEB356 /* Products */;
			projectDirPath = "";
			projectRoot = "";
			targets = (
				97BC67442CCFBAD100FEB356 /* Kream_cloneCoding */,
				97BC675A2CCFBAD100FEB356 /* Kream_cloneCodingTests */,
				97BC67642CCFBAD100FEB356 /* Kream_cloneCodingUITests */,
			);
		};
/* End PBXProject section */

/* Begin PBXResourcesBuildPhase section */
		97BC67432CCFBAD100FEB356 /* Resources */ = {
			isa = PBXResourcesBuildPhase;
			buildActionMask = 2147483647;
			files = (
				97BC67CF2CCFBD5100FEB356 /* Assets.xcassets in Resources */,
			);
			runOnlyForDeploymentPostprocessing = 0;
		};
		97BC67592CCFBAD100FEB356 /* Resources */ = {
			isa = PBXResourcesBuildPhase;
			buildActionMask = 2147483647;
			files = (
			);
			runOnlyForDeploymentPostprocessing = 0;
		};
		97BC67632CCFBAD100FEB356 /* Resources */ = {
			isa = PBXResourcesBuildPhase;
			buildActionMask = 2147483647;
			files = (
			);
			runOnlyForDeploymentPostprocessing = 0;
		};
/* End PBXResourcesBuildPhase section */

/* Begin PBXSourcesBuildPhase section */
		97BC67412CCFBAD100FEB356 /* Sources */ = {
			isa = PBXSourcesBuildPhase;
			buildActionMask = 2147483647;
			files = (
				97BC67492CCFBAD100FEB356 /* AppDelegate.swift in Sources */,
				97BC67CD2CCFBD1E00FEB356 /* TabBarViewController.swift in Sources */,
				97BC67C62CCFBD1E00FEB356 /* ShopViewController.swift in Sources */,
				97BC67A12CCFBB5200FEB356 /* HomeView.swift in Sources */,
				97BC67CA2CCFBD1E00FEB356 /* LoginViewController.swift in Sources */,
				9778CC722CD0D4BB00768218 /* HomeChallengeColletionViewCell.swift in Sources */,
				97BC67C72CCFBD1E00FEB356 /* StyleViewController.swift in Sources */,
				97BC67C92CCFBD1E00FEB356 /* HomeViewController.swift in Sources */,
				9778CC752CD0D5A600768218 /* SavedTableViewCell.swift in Sources */,
				97BC67962CCFBB5200FEB356 /* HomeCategoryCollectionViewCell.swift in Sources */,
				97BC67A42CCFBB5200FEB356 /* QuickLoginButton.swift in Sources */,
				97BC67CC2CCFBD1E00FEB356 /* SavedViewController.swift in Sources */,
				97BC67A32CCFBB5200FEB356 /* MyProfileView.swift in Sources */,
				97BC67CB2CCFBD1E00FEB356 /* MyProfileViewController.swift in Sources */,
				97BC677F2CCFBB4A00FEB356 /* LoginModel.swift in Sources */,
				97BC67A02CCFBB5200FEB356 /* EditMyProfileView.swift in Sources */,
				97BC67A52CCFBB5200FEB356 /* SavedTableView.swift in Sources */,
				97BC67A22CCFBB5200FEB356 /* LoginView.swift in Sources */,
				97BC67802CCFBB4A00FEB356 /* Product.swift in Sources */,
				9778CCD92CD710D400768218 /* HomeModel.swift in Sources */,
				97BC67C82CCFBD1E00FEB356 /* EditMyProfileViewController.swift in Sources */,
				9778CC702CD0D4A300768218 /* HomeJustDroppedColletionViewCell.swift in Sources */,
				97BC674B2CCFBAD100FEB356 /* SceneDelegate.swift in Sources */,
			);
			runOnlyForDeploymentPostprocessing = 0;
		};
		97BC67572CCFBAD100FEB356 /* Sources */ = {
			isa = PBXSourcesBuildPhase;
			buildActionMask = 2147483647;
			files = (
				97BC67602CCFBAD100FEB356 /* Kream_cloneCodingTests.swift in Sources */,
			);
			runOnlyForDeploymentPostprocessing = 0;
		};
		97BC67612CCFBAD100FEB356 /* Sources */ = {
			isa = PBXSourcesBuildPhase;
			buildActionMask = 2147483647;
			files = (
				97BC676A2CCFBAD100FEB356 /* Kream_cloneCodingUITests.swift in Sources */,
				97BC676C2CCFBAD100FEB356 /* Kream_cloneCodingUITestsLaunchTests.swift in Sources */,
			);
			runOnlyForDeploymentPostprocessing = 0;
		};
/* End PBXSourcesBuildPhase section */

/* Begin PBXTargetDependency section */
		97BC675D2CCFBAD100FEB356 /* PBXTargetDependency */ = {
			isa = PBXTargetDependency;
			target = 97BC67442CCFBAD100FEB356 /* Kream_cloneCoding */;
			targetProxy = 97BC675C2CCFBAD100FEB356 /* PBXContainerItemProxy */;
		};
		97BC67672CCFBAD100FEB356 /* PBXTargetDependency */ = {
			isa = PBXTargetDependency;
			target = 97BC67442CCFBAD100FEB356 /* Kream_cloneCoding */;
			targetProxy = 97BC67662CCFBAD100FEB356 /* PBXContainerItemProxy */;
		};
/* End PBXTargetDependency section */

/* Begin XCBuildConfiguration section */
		97BC676D2CCFBAD100FEB356 /* Debug */ = {
			isa = XCBuildConfiguration;
			buildSettings = {
				ALWAYS_SEARCH_USER_PATHS = NO;
				ASSETCATALOG_COMPILER_GENERATE_SWIFT_ASSET_SYMBOL_EXTENSIONS = YES;
				CLANG_ANALYZER_NONNULL = YES;
				CLANG_ANALYZER_NUMBER_OBJECT_CONVERSION = YES_AGGRESSIVE;
				CLANG_CXX_LANGUAGE_STANDARD = "gnu++20";
				CLANG_ENABLE_MODULES = YES;
				CLANG_ENABLE_OBJC_ARC = YES;
				CLANG_ENABLE_OBJC_WEAK = YES;
				CLANG_WARN_BLOCK_CAPTURE_AUTORELEASING = YES;
				CLANG_WARN_BOOL_CONVERSION = YES;
				CLANG_WARN_COMMA = YES;
				CLANG_WARN_CONSTANT_CONVERSION = YES;
				CLANG_WARN_DEPRECATED_OBJC_IMPLEMENTATIONS = YES;
				CLANG_WARN_DIRECT_OBJC_ISA_USAGE = YES_ERROR;
				CLANG_WARN_DOCUMENTATION_COMMENTS = YES;
				CLANG_WARN_EMPTY_BODY = YES;
				CLANG_WARN_ENUM_CONVERSION = YES;
				CLANG_WARN_INFINITE_RECURSION = YES;
				CLANG_WARN_INT_CONVERSION = YES;
				CLANG_WARN_NON_LITERAL_NULL_CONVERSION = YES;
				CLANG_WARN_OBJC_IMPLICIT_RETAIN_SELF = YES;
				CLANG_WARN_OBJC_LITERAL_CONVERSION = YES;
				CLANG_WARN_OBJC_ROOT_CLASS = YES_ERROR;
				CLANG_WARN_QUOTED_INCLUDE_IN_FRAMEWORK_HEADER = YES;
				CLANG_WARN_RANGE_LOOP_ANALYSIS = YES;
				CLANG_WARN_STRICT_PROTOTYPES = YES;
				CLANG_WARN_SUSPICIOUS_MOVE = YES;
				CLANG_WARN_UNGUARDED_AVAILABILITY = YES_AGGRESSIVE;
				CLANG_WARN_UNREACHABLE_CODE = YES;
				CLANG_WARN__DUPLICATE_METHOD_MATCH = YES;
				COPY_PHASE_STRIP = NO;
				DEBUG_INFORMATION_FORMAT = dwarf;
				ENABLE_STRICT_OBJC_MSGSEND = YES;
				ENABLE_TESTABILITY = YES;
				ENABLE_USER_SCRIPT_SANDBOXING = YES;
				GCC_C_LANGUAGE_STANDARD = gnu17;
				GCC_DYNAMIC_NO_PIC = NO;
				GCC_NO_COMMON_BLOCKS = YES;
				GCC_OPTIMIZATION_LEVEL = 0;
				GCC_PREPROCESSOR_DEFINITIONS = (
					"DEBUG=1",
					"$(inherited)",
				);
				GCC_WARN_64_TO_32_BIT_CONVERSION = YES;
				GCC_WARN_ABOUT_RETURN_TYPE = YES_ERROR;
				GCC_WARN_UNDECLARED_SELECTOR = YES;
				GCC_WARN_UNINITIALIZED_AUTOS = YES_AGGRESSIVE;
				GCC_WARN_UNUSED_FUNCTION = YES;
				GCC_WARN_UNUSED_VARIABLE = YES;
				IPHONEOS_DEPLOYMENT_TARGET = 17.5;
				LOCALIZATION_PREFERS_STRING_CATALOGS = YES;
				MTL_ENABLE_DEBUG_INFO = INCLUDE_SOURCE;
				MTL_FAST_MATH = YES;
				ONLY_ACTIVE_ARCH = YES;
				SDKROOT = iphoneos;
				SWIFT_ACTIVE_COMPILATION_CONDITIONS = "DEBUG $(inherited)";
				SWIFT_OPTIMIZATION_LEVEL = "-Onone";
			};
			name = Debug;
		};
		97BC676E2CCFBAD100FEB356 /* Release */ = {
			isa = XCBuildConfiguration;
			buildSettings = {
				ALWAYS_SEARCH_USER_PATHS = NO;
				ASSETCATALOG_COMPILER_GENERATE_SWIFT_ASSET_SYMBOL_EXTENSIONS = YES;
				CLANG_ANALYZER_NONNULL = YES;
				CLANG_ANALYZER_NUMBER_OBJECT_CONVERSION = YES_AGGRESSIVE;
				CLANG_CXX_LANGUAGE_STANDARD = "gnu++20";
				CLANG_ENABLE_MODULES = YES;
				CLANG_ENABLE_OBJC_ARC = YES;
				CLANG_ENABLE_OBJC_WEAK = YES;
				CLANG_WARN_BLOCK_CAPTURE_AUTORELEASING = YES;
				CLANG_WARN_BOOL_CONVERSION = YES;
				CLANG_WARN_COMMA = YES;
				CLANG_WARN_CONSTANT_CONVERSION = YES;
				CLANG_WARN_DEPRECATED_OBJC_IMPLEMENTATIONS = YES;
				CLANG_WARN_DIRECT_OBJC_ISA_USAGE = YES_ERROR;
				CLANG_WARN_DOCUMENTATION_COMMENTS = YES;
				CLANG_WARN_EMPTY_BODY = YES;
				CLANG_WARN_ENUM_CONVERSION = YES;
				CLANG_WARN_INFINITE_RECURSION = YES;
				CLANG_WARN_INT_CONVERSION = YES;
				CLANG_WARN_NON_LITERAL_NULL_CONVERSION = YES;
				CLANG_WARN_OBJC_IMPLICIT_RETAIN_SELF = YES;
				CLANG_WARN_OBJC_LITERAL_CONVERSION = YES;
				CLANG_WARN_OBJC_ROOT_CLASS = YES_ERROR;
				CLANG_WARN_QUOTED_INCLUDE_IN_FRAMEWORK_HEADER = YES;
				CLANG_WARN_RANGE_LOOP_ANALYSIS = YES;
				CLANG_WARN_STRICT_PROTOTYPES = YES;
				CLANG_WARN_SUSPICIOUS_MOVE = YES;
				CLANG_WARN_UNGUARDED_AVAILABILITY = YES_AGGRESSIVE;
				CLANG_WARN_UNREACHABLE_CODE = YES;
				CLANG_WARN__DUPLICATE_METHOD_MATCH = YES;
				COPY_PHASE_STRIP = NO;
				DEBUG_INFORMATION_FORMAT = "dwarf-with-dsym";
				ENABLE_NS_ASSERTIONS = NO;
				ENABLE_STRICT_OBJC_MSGSEND = YES;
				ENABLE_USER_SCRIPT_SANDBOXING = YES;
				GCC_C_LANGUAGE_STANDARD = gnu17;
				GCC_NO_COMMON_BLOCKS = YES;
				GCC_WARN_64_TO_32_BIT_CONVERSION = YES;
				GCC_WARN_ABOUT_RETURN_TYPE = YES_ERROR;
				GCC_WARN_UNDECLARED_SELECTOR = YES;
				GCC_WARN_UNINITIALIZED_AUTOS = YES_AGGRESSIVE;
				GCC_WARN_UNUSED_FUNCTION = YES;
				GCC_WARN_UNUSED_VARIABLE = YES;
				IPHONEOS_DEPLOYMENT_TARGET = 17.5;
				LOCALIZATION_PREFERS_STRING_CATALOGS = YES;
				MTL_ENABLE_DEBUG_INFO = NO;
				MTL_FAST_MATH = YES;
				SDKROOT = iphoneos;
				SWIFT_COMPILATION_MODE = wholemodule;
				VALIDATE_PRODUCT = YES;
			};
			name = Release;
		};
		97BC67702CCFBAD100FEB356 /* Debug */ = {
			isa = XCBuildConfiguration;
			buildSettings = {
				ASSETCATALOG_COMPILER_APPICON_NAME = AppIcon;
				ASSETCATALOG_COMPILER_GLOBAL_ACCENT_COLOR_NAME = AccentColor;
				CODE_SIGN_STYLE = Automatic;
				CURRENT_PROJECT_VERSION = 1;
				GENERATE_INFOPLIST_FILE = YES;
				INFOPLIST_FILE = Kream_cloneCoding/Info.plist;
				INFOPLIST_KEY_UIApplicationSupportsIndirectInputEvents = YES;
				INFOPLIST_KEY_UILaunchStoryboardName = LaunchScreen;
				INFOPLIST_KEY_UISupportedInterfaceOrientations_iPad = "UIInterfaceOrientationPortrait UIInterfaceOrientationPortraitUpsideDown UIInterfaceOrientationLandscapeLeft UIInterfaceOrientationLandscapeRight";
				INFOPLIST_KEY_UISupportedInterfaceOrientations_iPhone = "UIInterfaceOrientationPortrait UIInterfaceOrientationLandscapeLeft UIInterfaceOrientationLandscapeRight";
				LD_RUNPATH_SEARCH_PATHS = (
					"$(inherited)",
					"@executable_path/Frameworks",
				);
				MARKETING_VERSION = 1.0;
				PRODUCT_BUNDLE_IDENTIFIER = "UMC7th-iOS.Kream-cloneCoding";
				PRODUCT_NAME = "$(TARGET_NAME)";
				SWIFT_EMIT_LOC_STRINGS = YES;
				SWIFT_VERSION = 5.0;
				TARGETED_DEVICE_FAMILY = "1,2";
			};
			name = Debug;
		};
		97BC67712CCFBAD100FEB356 /* Release */ = {
			isa = XCBuildConfiguration;
			buildSettings = {
				ASSETCATALOG_COMPILER_APPICON_NAME = AppIcon;
				ASSETCATALOG_COMPILER_GLOBAL_ACCENT_COLOR_NAME = AccentColor;
				CODE_SIGN_STYLE = Automatic;
				CURRENT_PROJECT_VERSION = 1;
				GENERATE_INFOPLIST_FILE = YES;
				INFOPLIST_FILE = Kream_cloneCoding/Info.plist;
				INFOPLIST_KEY_UIApplicationSupportsIndirectInputEvents = YES;
				INFOPLIST_KEY_UILaunchStoryboardName = LaunchScreen;
				INFOPLIST_KEY_UISupportedInterfaceOrientations_iPad = "UIInterfaceOrientationPortrait UIInterfaceOrientationPortraitUpsideDown UIInterfaceOrientationLandscapeLeft UIInterfaceOrientationLandscapeRight";
				INFOPLIST_KEY_UISupportedInterfaceOrientations_iPhone = "UIInterfaceOrientationPortrait UIInterfaceOrientationLandscapeLeft UIInterfaceOrientationLandscapeRight";
				LD_RUNPATH_SEARCH_PATHS = (
					"$(inherited)",
					"@executable_path/Frameworks",
				);
				MARKETING_VERSION = 1.0;
				PRODUCT_BUNDLE_IDENTIFIER = "UMC7th-iOS.Kream-cloneCoding";
				PRODUCT_NAME = "$(TARGET_NAME)";
				SWIFT_EMIT_LOC_STRINGS = YES;
				SWIFT_VERSION = 5.0;
				TARGETED_DEVICE_FAMILY = "1,2";
			};
			name = Release;
		};
		97BC67732CCFBAD100FEB356 /* Debug */ = {
			isa = XCBuildConfiguration;
			buildSettings = {
				ALWAYS_EMBED_SWIFT_STANDARD_LIBRARIES = YES;
				BUNDLE_LOADER = "$(TEST_HOST)";
				CODE_SIGN_STYLE = Automatic;
				CURRENT_PROJECT_VERSION = 1;
				GENERATE_INFOPLIST_FILE = YES;
				IPHONEOS_DEPLOYMENT_TARGET = 17.5;
				MARKETING_VERSION = 1.0;
				PRODUCT_BUNDLE_IDENTIFIER = "UMC7th-iOS.Kream-cloneCodingTests";
				PRODUCT_NAME = "$(TARGET_NAME)";
				SWIFT_EMIT_LOC_STRINGS = NO;
				SWIFT_VERSION = 5.0;
				TARGETED_DEVICE_FAMILY = "1,2";
				TEST_HOST = "$(BUILT_PRODUCTS_DIR)/Kream_cloneCoding.app/$(BUNDLE_EXECUTABLE_FOLDER_PATH)/Kream_cloneCoding";
			};
			name = Debug;
		};
		97BC67742CCFBAD100FEB356 /* Release */ = {
			isa = XCBuildConfiguration;
			buildSettings = {
				ALWAYS_EMBED_SWIFT_STANDARD_LIBRARIES = YES;
				BUNDLE_LOADER = "$(TEST_HOST)";
				CODE_SIGN_STYLE = Automatic;
				CURRENT_PROJECT_VERSION = 1;
				GENERATE_INFOPLIST_FILE = YES;
				IPHONEOS_DEPLOYMENT_TARGET = 17.5;
				MARKETING_VERSION = 1.0;
				PRODUCT_BUNDLE_IDENTIFIER = "UMC7th-iOS.Kream-cloneCodingTests";
				PRODUCT_NAME = "$(TARGET_NAME)";
				SWIFT_EMIT_LOC_STRINGS = NO;
				SWIFT_VERSION = 5.0;
				TARGETED_DEVICE_FAMILY = "1,2";
				TEST_HOST = "$(BUILT_PRODUCTS_DIR)/Kream_cloneCoding.app/$(BUNDLE_EXECUTABLE_FOLDER_PATH)/Kream_cloneCoding";
			};
			name = Release;
		};
		97BC67762CCFBAD100FEB356 /* Debug */ = {
			isa = XCBuildConfiguration;
			buildSettings = {
				ALWAYS_EMBED_SWIFT_STANDARD_LIBRARIES = YES;
				CODE_SIGN_STYLE = Automatic;
				CURRENT_PROJECT_VERSION = 1;
				GENERATE_INFOPLIST_FILE = YES;
				MARKETING_VERSION = 1.0;
				PRODUCT_BUNDLE_IDENTIFIER = "UMC7th-iOS.Kream-cloneCodingUITests";
				PRODUCT_NAME = "$(TARGET_NAME)";
				SWIFT_EMIT_LOC_STRINGS = NO;
				SWIFT_VERSION = 5.0;
				TARGETED_DEVICE_FAMILY = "1,2";
				TEST_TARGET_NAME = Kream_cloneCoding;
			};
			name = Debug;
		};
		97BC67772CCFBAD100FEB356 /* Release */ = {
			isa = XCBuildConfiguration;
			buildSettings = {
				ALWAYS_EMBED_SWIFT_STANDARD_LIBRARIES = YES;
				CODE_SIGN_STYLE = Automatic;
				CURRENT_PROJECT_VERSION = 1;
				GENERATE_INFOPLIST_FILE = YES;
				MARKETING_VERSION = 1.0;
				PRODUCT_BUNDLE_IDENTIFIER = "UMC7th-iOS.Kream-cloneCodingUITests";
				PRODUCT_NAME = "$(TARGET_NAME)";
				SWIFT_EMIT_LOC_STRINGS = NO;
				SWIFT_VERSION = 5.0;
				TARGETED_DEVICE_FAMILY = "1,2";
				TEST_TARGET_NAME = Kream_cloneCoding;
			};
			name = Release;
		};
/* End XCBuildConfiguration section */

/* Begin XCConfigurationList section */
		97BC67402CCFBAD100FEB356 /* Build configuration list for PBXProject "Kream_cloneCoding" */ = {
			isa = XCConfigurationList;
			buildConfigurations = (
				97BC676D2CCFBAD100FEB356 /* Debug */,
				97BC676E2CCFBAD100FEB356 /* Release */,
			);
			defaultConfigurationIsVisible = 0;
			defaultConfigurationName = Release;
		};
		97BC676F2CCFBAD100FEB356 /* Build configuration list for PBXNativeTarget "Kream_cloneCoding" */ = {
			isa = XCConfigurationList;
			buildConfigurations = (
				97BC67702CCFBAD100FEB356 /* Debug */,
				97BC67712CCFBAD100FEB356 /* Release */,
			);
			defaultConfigurationIsVisible = 0;
			defaultConfigurationName = Release;
		};
		97BC67722CCFBAD100FEB356 /* Build configuration list for PBXNativeTarget "Kream_cloneCodingTests" */ = {
			isa = XCConfigurationList;
			buildConfigurations = (
				97BC67732CCFBAD100FEB356 /* Debug */,
				97BC67742CCFBAD100FEB356 /* Release */,
			);
			defaultConfigurationIsVisible = 0;
			defaultConfigurationName = Release;
		};
		97BC67752CCFBAD100FEB356 /* Build configuration list for PBXNativeTarget "Kream_cloneCodingUITests" */ = {
			isa = XCConfigurationList;
			buildConfigurations = (
				97BC67762CCFBAD100FEB356 /* Debug */,
				97BC67772CCFBAD100FEB356 /* Release */,
			);
			defaultConfigurationIsVisible = 0;
			defaultConfigurationName = Release;
		};
/* End XCConfigurationList section */

/* Begin XCRemoteSwiftPackageReference section */
		97BC67B92CCFBC0400FEB356 /* XCRemoteSwiftPackageReference "SnapKit" */ = {
			isa = XCRemoteSwiftPackageReference;
			repositoryURL = "https://github.com/SnapKit/SnapKit";
			requirement = {
				kind = upToNextMajorVersion;
				minimumVersion = 5.7.1;
			};
		};
/* End XCRemoteSwiftPackageReference section */

/* Begin XCSwiftPackageProductDependency section */
		97BC67BA2CCFBC0400FEB356 /* SnapKit */ = {
			isa = XCSwiftPackageProductDependency;
			package = 97BC67B92CCFBC0400FEB356 /* XCRemoteSwiftPackageReference "SnapKit" */;
			productName = SnapKit;
		};
/* End XCSwiftPackageProductDependency section */
	};
	rootObject = 97BC673D2CCFBAD100FEB356 /* Project object */;
}
