// !$*UTF8*$!
{
	archiveVersion = 1;
	classes = {
	};
	objectVersion = 77;
	objects = {

/* Begin PBXBuildFile section */
		022A5BA472BB878E4ED1336C /* Pods_TimeCapsule.framework in Frameworks */ = {isa = PBXBuildFile; fileRef = FB4C49772C0F45ACE8FDA66D /* Pods_TimeCapsule.framework */; };
		110D2ADB64F9731FB711AFC4 /* Pods_TimeCapsule_TimeCapsuleUITests.framework in Frameworks */ = {isa = PBXBuildFile; fileRef = D62ECC1C8F059A2BD809848C /* Pods_TimeCapsule_TimeCapsuleUITests.framework */; };
		63976E052CE198A700C19532 /* TimeCapsulePreview.swift in Sources */ = {isa = PBXBuildFile; fileRef = 63976E042CE198A700C19532 /* TimeCapsulePreview.swift */; };
		63976E072CE1B75900C19532 /* TimeCapsulePreviewModel.swift in Sources */ = {isa = PBXBuildFile; fileRef = 63976E062CE1B75900C19532 /* TimeCapsulePreviewModel.swift */; };
		971C86DD2CDF762B00E8B844 /* ChangePasswordViewController.swift in Sources */ = {isa = PBXBuildFile; fileRef = 971C86DC2CDF762B00E8B844 /* ChangePasswordViewController.swift */; };
		971C86EF2CE07CF200E8B844 /* KeychainService.swift in Sources */ = {isa = PBXBuildFile; fileRef = 971C86EE2CE07CF200E8B844 /* KeychainService.swift */; };
		971C87E02CE3565300E8B844 /* CustomAlertView.swift in Sources */ = {isa = PBXBuildFile; fileRef = 971C87DA2CE3565300E8B844 /* CustomAlertView.swift */; };
		971C880F2CE4842000E8B844 /* EditINicknameView.swift in Sources */ = {isa = PBXBuildFile; fileRef = 971C880E2CE4842000E8B844 /* EditINicknameView.swift */; };
		971C88112CE4842E00E8B844 /* EditNicknameViewController.swift in Sources */ = {isa = PBXBuildFile; fileRef = 971C88102CE4842500E8B844 /* EditNicknameViewController.swift */; };
		971C88152CE4846900E8B844 /* PasswordChangeView.swift in Sources */ = {isa = PBXBuildFile; fileRef = 971C88142CE4846900E8B844 /* PasswordChangeView.swift */; };
		971C88172CE4847600E8B844 /* PasswordChangeViewController.swift in Sources */ = {isa = PBXBuildFile; fileRef = 971C88162CE4847600E8B844 /* PasswordChangeViewController.swift */; };
		971C882B2CE59B7500E8B844 /* UIViewController+Extension.swift in Sources */ = {isa = PBXBuildFile; fileRef = 971C882A2CE59B7500E8B844 /* UIViewController+Extension.swift */; };
		971C883F2CE5CEDE00E8B844 /* EmailModel.swift in Sources */ = {isa = PBXBuildFile; fileRef = 971C883E2CE5CEDE00E8B844 /* EmailModel.swift */; };
		9778CC852CD1085600768218 /* AppDelegate.swift in Sources */ = {isa = PBXBuildFile; fileRef = 9778CC842CD1085600768218 /* AppDelegate.swift */; };
		9778CC872CD1085600768218 /* SceneDelegate.swift in Sources */ = {isa = PBXBuildFile; fileRef = 9778CC862CD1085600768218 /* SceneDelegate.swift */; };
		9778CC8E2CD1085700768218 /* Assets.xcassets in Resources */ = {isa = PBXBuildFile; fileRef = 9778CC8D2CD1085700768218 /* Assets.xcassets */; };
		9778CC9C2CD1085700768218 /* TimeCapsuleTests.swift in Sources */ = {isa = PBXBuildFile; fileRef = 9778CC9B2CD1085700768218 /* TimeCapsuleTests.swift */; };
		9778CCA62CD1085700768218 /* TimeCapsuleUITests.swift in Sources */ = {isa = PBXBuildFile; fileRef = 9778CCA52CD1085700768218 /* TimeCapsuleUITests.swift */; };
		9778CCA82CD1085700768218 /* TimeCapsuleUITestsLaunchTests.swift in Sources */ = {isa = PBXBuildFile; fileRef = 9778CCA72CD1085700768218 /* TimeCapsuleUITestsLaunchTests.swift */; };
		9778CCB82CD1090700768218 /* LoginViewController.swift in Sources */ = {isa = PBXBuildFile; fileRef = 9778CCB72CD1090700768218 /* LoginViewController.swift */; };
		9778CCBD2CD2605900768218 /* LoginView.swift in Sources */ = {isa = PBXBuildFile; fileRef = 9778CCBC2CD2605900768218 /* LoginView.swift */; };
		9778CCBF2CD2606800768218 /* SignupView.swift in Sources */ = {isa = PBXBuildFile; fileRef = 9778CCBE2CD2606800768218 /* SignupView.swift */; };
		9778CCC22CD2609400768218 /* SnapKit in Frameworks */ = {isa = PBXBuildFile; productRef = 9778CCC12CD2609400768218 /* SnapKit */; };
		9778CCC82CD34A7A00768218 /* MyPageViewController.swift in Sources */ = {isa = PBXBuildFile; fileRef = 9778CCC72CD34A7A00768218 /* MyPageViewController.swift */; };
		9778CCCC2CD5DFCB00768218 /* SignUpViewController.swift in Sources */ = {isa = PBXBuildFile; fileRef = 9778CCCB2CD5DFCB00768218 /* SignUpViewController.swift */; };
		9778CCCE2CD5F73F00768218 /* UIView+Extension.swift in Sources */ = {isa = PBXBuildFile; fileRef = 9778CCCD2CD5F73F00768218 /* UIView+Extension.swift */; };
		9778CCDB2CD8D89A00768218 /* FindPasswordView.swift in Sources */ = {isa = PBXBuildFile; fileRef = 9778CCDA2CD8D89A00768218 /* FindPasswordView.swift */; };
		9778CCDD2CD8D8B000768218 /* ChangePasswordView.swift in Sources */ = {isa = PBXBuildFile; fileRef = 9778CCDC2CD8D8B000768218 /* ChangePasswordView.swift */; };
		9778CCDF2CD8E1FF00768218 /* FindPasswordViewController.swift in Sources */ = {isa = PBXBuildFile; fileRef = 9778CCDE2CD8E1FF00768218 /* FindPasswordViewController.swift */; };
		9778CCE02CD8FEE700768218 /* Assets.xcassets in Resources */ = {isa = PBXBuildFile; fileRef = 9778CC8D2CD1085700768218 /* Assets.xcassets */; };
		9778CCE12CD8FEE700768218 /* Assets.xcassets in Resources */ = {isa = PBXBuildFile; fileRef = 9778CC8D2CD1085700768218 /* Assets.xcassets */; };
		97E519262CDB975200B69B0E /* TimeCapsuleModel.swift in Sources */ = {isa = PBXBuildFile; fileRef = 97E519252CDB975200B69B0E /* TimeCapsuleModel.swift */; };
		97E519272CDB975200B69B0E /* K.swift in Sources */ = {isa = PBXBuildFile; fileRef = 97E519242CDB975200B69B0E /* K.swift */; };
		97E519592CDBAC6C00B69B0E /* UserModel.swift in Sources */ = {isa = PBXBuildFile; fileRef = 97E519582CDBAC6900B69B0E /* UserModel.swift */; };
		97E5196B2CDC53CD00B69B0E /* API+Extension.swift in Sources */ = {isa = PBXBuildFile; fileRef = 97E5196A2CDC53CD00B69B0E /* API+Extension.swift */; };
		97E5196D2CDD153F00B69B0E /* MyPageView.swift in Sources */ = {isa = PBXBuildFile; fileRef = 97E5196C2CDD153F00B69B0E /* MyPageView.swift */; };
		CF1C09160DC8746C0E247984 /* Pods_TimeCapsuleTests.framework in Frameworks */ = {isa = PBXBuildFile; fileRef = CE4FDA5319CD943EE9417B9E /* Pods_TimeCapsuleTests.framework */; };
/* End PBXBuildFile section */

/* Begin PBXContainerItemProxy section */
		9778CC982CD1085700768218 /* PBXContainerItemProxy */ = {
			isa = PBXContainerItemProxy;
			containerPortal = 9778CC792CD1085600768218 /* Project object */;
			proxyType = 1;
			remoteGlobalIDString = 9778CC802CD1085600768218;
			remoteInfo = TimeCapsule;
		};
		9778CCA22CD1085700768218 /* PBXContainerItemProxy */ = {
			isa = PBXContainerItemProxy;
			containerPortal = 9778CC792CD1085600768218 /* Project object */;
			proxyType = 1;
			remoteGlobalIDString = 9778CC802CD1085600768218;
			remoteInfo = TimeCapsule;
		};
/* End PBXContainerItemProxy section */

/* Begin PBXFileReference section */
		00F00D4CEBC56653A8F23622 /* Pods-TimeCapsuleTests.debug.xcconfig */ = {isa = PBXFileReference; includeInIndex = 1; lastKnownFileType = text.xcconfig; name = "Pods-TimeCapsuleTests.debug.xcconfig"; path = "Target Support Files/Pods-TimeCapsuleTests/Pods-TimeCapsuleTests.debug.xcconfig"; sourceTree = "<group>"; };
		4454F439BB1AA9B8B244AD16 /* Pods-TimeCapsule.debug.xcconfig */ = {isa = PBXFileReference; includeInIndex = 1; lastKnownFileType = text.xcconfig; name = "Pods-TimeCapsule.debug.xcconfig"; path = "Target Support Files/Pods-TimeCapsule/Pods-TimeCapsule.debug.xcconfig"; sourceTree = "<group>"; };
		63976E042CE198A700C19532 /* TimeCapsulePreview.swift */ = {isa = PBXFileReference; lastKnownFileType = sourcecode.swift; path = TimeCapsulePreview.swift; sourceTree = "<group>"; };
		63976E062CE1B75900C19532 /* TimeCapsulePreviewModel.swift */ = {isa = PBXFileReference; lastKnownFileType = sourcecode.swift; path = TimeCapsulePreviewModel.swift; sourceTree = "<group>"; };
		971C86DC2CDF762B00E8B844 /* ChangePasswordViewController.swift */ = {isa = PBXFileReference; lastKnownFileType = sourcecode.swift; path = ChangePasswordViewController.swift; sourceTree = "<group>"; };
		971C86EE2CE07CF200E8B844 /* KeychainService.swift */ = {isa = PBXFileReference; lastKnownFileType = sourcecode.swift; path = KeychainService.swift; sourceTree = "<group>"; };
		971C87DA2CE3565300E8B844 /* CustomAlertView.swift */ = {isa = PBXFileReference; lastKnownFileType = sourcecode.swift; path = CustomAlertView.swift; sourceTree = "<group>"; };
		971C880E2CE4842000E8B844 /* EditINicknameView.swift */ = {isa = PBXFileReference; lastKnownFileType = sourcecode.swift; path = EditINicknameView.swift; sourceTree = "<group>"; };
		971C88102CE4842500E8B844 /* EditNicknameViewController.swift */ = {isa = PBXFileReference; lastKnownFileType = sourcecode.swift; path = EditNicknameViewController.swift; sourceTree = "<group>"; };
		971C88142CE4846900E8B844 /* PasswordChangeView.swift */ = {isa = PBXFileReference; lastKnownFileType = sourcecode.swift; path = PasswordChangeView.swift; sourceTree = "<group>"; };
		971C88162CE4847600E8B844 /* PasswordChangeViewController.swift */ = {isa = PBXFileReference; lastKnownFileType = sourcecode.swift; path = PasswordChangeViewController.swift; sourceTree = "<group>"; };
		971C882A2CE59B7500E8B844 /* UIViewController+Extension.swift */ = {isa = PBXFileReference; lastKnownFileType = sourcecode.swift; path = "UIViewController+Extension.swift"; sourceTree = "<group>"; };
		971C883E2CE5CEDE00E8B844 /* EmailModel.swift */ = {isa = PBXFileReference; lastKnownFileType = sourcecode.swift; path = EmailModel.swift; sourceTree = "<group>"; };
		9778CC812CD1085600768218 /* TimeCapsule.app */ = {isa = PBXFileReference; explicitFileType = wrapper.application; includeInIndex = 0; path = TimeCapsule.app; sourceTree = BUILT_PRODUCTS_DIR; };
		9778CC842CD1085600768218 /* AppDelegate.swift */ = {isa = PBXFileReference; lastKnownFileType = sourcecode.swift; path = AppDelegate.swift; sourceTree = "<group>"; };
		9778CC862CD1085600768218 /* SceneDelegate.swift */ = {isa = PBXFileReference; lastKnownFileType = sourcecode.swift; path = SceneDelegate.swift; sourceTree = "<group>"; };
		9778CC8D2CD1085700768218 /* Assets.xcassets */ = {isa = PBXFileReference; lastKnownFileType = folder.assetcatalog; path = Assets.xcassets; sourceTree = "<group>"; };
		9778CC922CD1085700768218 /* Info.plist */ = {isa = PBXFileReference; lastKnownFileType = text.plist.xml; path = Info.plist; sourceTree = "<group>"; };
		9778CC972CD1085700768218 /* TimeCapsuleTests.xctest */ = {isa = PBXFileReference; explicitFileType = wrapper.cfbundle; includeInIndex = 0; path = TimeCapsuleTests.xctest; sourceTree = BUILT_PRODUCTS_DIR; };
		9778CC9B2CD1085700768218 /* TimeCapsuleTests.swift */ = {isa = PBXFileReference; lastKnownFileType = sourcecode.swift; path = TimeCapsuleTests.swift; sourceTree = "<group>"; };
		9778CCA12CD1085700768218 /* TimeCapsuleUITests.xctest */ = {isa = PBXFileReference; explicitFileType = wrapper.cfbundle; includeInIndex = 0; path = TimeCapsuleUITests.xctest; sourceTree = BUILT_PRODUCTS_DIR; };
		9778CCA52CD1085700768218 /* TimeCapsuleUITests.swift */ = {isa = PBXFileReference; lastKnownFileType = sourcecode.swift; path = TimeCapsuleUITests.swift; sourceTree = "<group>"; };
		9778CCA72CD1085700768218 /* TimeCapsuleUITestsLaunchTests.swift */ = {isa = PBXFileReference; lastKnownFileType = sourcecode.swift; path = TimeCapsuleUITestsLaunchTests.swift; sourceTree = "<group>"; };
		9778CCB72CD1090700768218 /* LoginViewController.swift */ = {isa = PBXFileReference; lastKnownFileType = sourcecode.swift; path = LoginViewController.swift; sourceTree = "<group>"; };
		9778CCBC2CD2605900768218 /* LoginView.swift */ = {isa = PBXFileReference; lastKnownFileType = sourcecode.swift; path = LoginView.swift; sourceTree = "<group>"; };
		9778CCBE2CD2606800768218 /* SignupView.swift */ = {isa = PBXFileReference; lastKnownFileType = sourcecode.swift; path = SignupView.swift; sourceTree = "<group>"; };
		9778CCC72CD34A7A00768218 /* MyPageViewController.swift */ = {isa = PBXFileReference; lastKnownFileType = sourcecode.swift; path = MyPageViewController.swift; sourceTree = "<group>"; };
		9778CCCB2CD5DFCB00768218 /* SignUpViewController.swift */ = {isa = PBXFileReference; lastKnownFileType = sourcecode.swift; path = SignUpViewController.swift; sourceTree = "<group>"; };
		9778CCCD2CD5F73F00768218 /* UIView+Extension.swift */ = {isa = PBXFileReference; lastKnownFileType = sourcecode.swift; path = "UIView+Extension.swift"; sourceTree = "<group>"; };
		9778CCDA2CD8D89A00768218 /* FindPasswordView.swift */ = {isa = PBXFileReference; lastKnownFileType = sourcecode.swift; path = FindPasswordView.swift; sourceTree = "<group>"; };
		9778CCDC2CD8D8B000768218 /* ChangePasswordView.swift */ = {isa = PBXFileReference; lastKnownFileType = sourcecode.swift; path = ChangePasswordView.swift; sourceTree = "<group>"; };
		9778CCDE2CD8E1FF00768218 /* FindPasswordViewController.swift */ = {isa = PBXFileReference; lastKnownFileType = sourcecode.swift; path = FindPasswordViewController.swift; sourceTree = "<group>"; };
		97E519242CDB975200B69B0E /* K.swift */ = {isa = PBXFileReference; lastKnownFileType = sourcecode.swift; path = K.swift; sourceTree = "<group>"; };
		97E519252CDB975200B69B0E /* TimeCapsuleModel.swift */ = {isa = PBXFileReference; lastKnownFileType = sourcecode.swift; path = TimeCapsuleModel.swift; sourceTree = "<group>"; };
		97E519582CDBAC6900B69B0E /* UserModel.swift */ = {isa = PBXFileReference; lastKnownFileType = sourcecode.swift; path = UserModel.swift; sourceTree = "<group>"; };
		97E5196A2CDC53CD00B69B0E /* API+Extension.swift */ = {isa = PBXFileReference; lastKnownFileType = sourcecode.swift; path = "API+Extension.swift"; sourceTree = "<group>"; };
		97E5196C2CDD153F00B69B0E /* MyPageView.swift */ = {isa = PBXFileReference; lastKnownFileType = sourcecode.swift; path = MyPageView.swift; sourceTree = "<group>"; };
		B9B2375206C0F428FB7FAD8A /* Pods-TimeCapsule-TimeCapsuleUITests.debug.xcconfig */ = {isa = PBXFileReference; includeInIndex = 1; lastKnownFileType = text.xcconfig; name = "Pods-TimeCapsule-TimeCapsuleUITests.debug.xcconfig"; path = "Target Support Files/Pods-TimeCapsule-TimeCapsuleUITests/Pods-TimeCapsule-TimeCapsuleUITests.debug.xcconfig"; sourceTree = "<group>"; };
		CE4FDA5319CD943EE9417B9E /* Pods_TimeCapsuleTests.framework */ = {isa = PBXFileReference; explicitFileType = wrapper.framework; includeInIndex = 0; path = Pods_TimeCapsuleTests.framework; sourceTree = BUILT_PRODUCTS_DIR; };
		D62ECC1C8F059A2BD809848C /* Pods_TimeCapsule_TimeCapsuleUITests.framework */ = {isa = PBXFileReference; explicitFileType = wrapper.framework; includeInIndex = 0; path = Pods_TimeCapsule_TimeCapsuleUITests.framework; sourceTree = BUILT_PRODUCTS_DIR; };
		D9CBE21E6CDAD0034DE5819F /* Pods-TimeCapsule-TimeCapsuleUITests.release.xcconfig */ = {isa = PBXFileReference; includeInIndex = 1; lastKnownFileType = text.xcconfig; name = "Pods-TimeCapsule-TimeCapsuleUITests.release.xcconfig"; path = "Target Support Files/Pods-TimeCapsule-TimeCapsuleUITests/Pods-TimeCapsule-TimeCapsuleUITests.release.xcconfig"; sourceTree = "<group>"; };
		E3172447D8A1417098019C5A /* Pods-TimeCapsuleTests.release.xcconfig */ = {isa = PBXFileReference; includeInIndex = 1; lastKnownFileType = text.xcconfig; name = "Pods-TimeCapsuleTests.release.xcconfig"; path = "Target Support Files/Pods-TimeCapsuleTests/Pods-TimeCapsuleTests.release.xcconfig"; sourceTree = "<group>"; };
		EC5210955C9EADE43FAD22AC /* Pods-TimeCapsule.release.xcconfig */ = {isa = PBXFileReference; includeInIndex = 1; lastKnownFileType = text.xcconfig; name = "Pods-TimeCapsule.release.xcconfig"; path = "Target Support Files/Pods-TimeCapsule/Pods-TimeCapsule.release.xcconfig"; sourceTree = "<group>"; };
		FB4C49772C0F45ACE8FDA66D /* Pods_TimeCapsule.framework */ = {isa = PBXFileReference; explicitFileType = wrapper.framework; includeInIndex = 0; path = Pods_TimeCapsule.framework; sourceTree = BUILT_PRODUCTS_DIR; };
/* End PBXFileReference section */

/* Begin PBXFileSystemSynchronizedRootGroup section */
		94005A9D2CD5DDA400017A89 /* ViewController */ = {
			isa = PBXFileSystemSynchronizedRootGroup;
			path = ViewController;
			sourceTree = "<group>";
		};
		971C88062CE4331600E8B844 /* View */ = {
			isa = PBXFileSystemSynchronizedRootGroup;
			path = View;
			sourceTree = "<group>";
		};
/* End PBXFileSystemSynchronizedRootGroup section */

/* Begin PBXFrameworksBuildPhase section */
		9778CC7E2CD1085600768218 /* Frameworks */ = {
			isa = PBXFrameworksBuildPhase;
			buildActionMask = 2147483647;
			files = (
				9778CCC22CD2609400768218 /* SnapKit in Frameworks */,
				022A5BA472BB878E4ED1336C /* Pods_TimeCapsule.framework in Frameworks */,
			);
			runOnlyForDeploymentPostprocessing = 0;
		};
		9778CC942CD1085700768218 /* Frameworks */ = {
			isa = PBXFrameworksBuildPhase;
			buildActionMask = 2147483647;
			files = (
				CF1C09160DC8746C0E247984 /* Pods_TimeCapsuleTests.framework in Frameworks */,
			);
			runOnlyForDeploymentPostprocessing = 0;
		};
		9778CC9E2CD1085700768218 /* Frameworks */ = {
			isa = PBXFrameworksBuildPhase;
			buildActionMask = 2147483647;
			files = (
				110D2ADB64F9731FB711AFC4 /* Pods_TimeCapsule_TimeCapsuleUITests.framework in Frameworks */,
			);
			runOnlyForDeploymentPostprocessing = 0;
		};
/* End PBXFrameworksBuildPhase section */

/* Begin PBXGroup section */
		8580E55C85636AE9C0243B05 /* Frameworks */ = {
			isa = PBXGroup;
			children = (
				FB4C49772C0F45ACE8FDA66D /* Pods_TimeCapsule.framework */,
				D62ECC1C8F059A2BD809848C /* Pods_TimeCapsule_TimeCapsuleUITests.framework */,
				CE4FDA5319CD943EE9417B9E /* Pods_TimeCapsuleTests.framework */,
			);
			name = Frameworks;
			sourceTree = "<group>";
		};
		971C88522CE7A7D800E8B844 /* View */ = {
			isa = PBXGroup;
			children = (
				97E5196C2CDD153F00B69B0E /* MyPageView.swift */,
				971C880E2CE4842000E8B844 /* EditINicknameView.swift */,
				971C88142CE4846900E8B844 /* PasswordChangeView.swift */,
			);
			path = View;
			sourceTree = "<group>";
		};
		971C88532CE7A7DE00E8B844 /* ViewController */ = {
			isa = PBXGroup;
			children = (
				9778CCC72CD34A7A00768218 /* MyPageViewController.swift */,
				971C88102CE4842500E8B844 /* EditNicknameViewController.swift */,
				971C88162CE4847600E8B844 /* PasswordChangeViewController.swift */,
			);
			path = ViewController;
			sourceTree = "<group>";
		};
		9778CC782CD1085600768218 = {
			isa = PBXGroup;
			children = (
				9778CC832CD1085600768218 /* TimeCapsule */,
				9778CC9A2CD1085700768218 /* TimeCapsuleTests */,
				9778CCA42CD1085700768218 /* TimeCapsuleUITests */,
				9778CC822CD1085600768218 /* Products */,
				D037F013FA2A2F5125F88AD2 /* Pods */,
				8580E55C85636AE9C0243B05 /* Frameworks */,
			);
			sourceTree = "<group>";
		};
		9778CC822CD1085600768218 /* Products */ = {
			isa = PBXGroup;
			children = (
				9778CC812CD1085600768218 /* TimeCapsule.app */,
				9778CC972CD1085700768218 /* TimeCapsuleTests.xctest */,
				9778CCA12CD1085700768218 /* TimeCapsuleUITests.xctest */,
			);
			name = Products;
			sourceTree = "<group>";
		};
		9778CC832CD1085600768218 /* TimeCapsule */ = {
			isa = PBXGroup;
			children = (
				9778CC842CD1085600768218 /* AppDelegate.swift */,
				9778CC862CD1085600768218 /* SceneDelegate.swift */,
				9778CCBB2CD1097C00768218 /* Model */,
				9778CCB52CD108A100768218 /* Login */,
				9778CCB42CD1089A00768218 /* Home */,
				9778CCB62CD108C900768218 /* MyPage */,
				9778CC8D2CD1085700768218 /* Assets.xcassets */,
				971C87DA2CE3565300E8B844 /* CustomAlertView.swift */,
				9778CCCD2CD5F73F00768218 /* UIView+Extension.swift */,
				971C882A2CE59B7500E8B844 /* UIViewController+Extension.swift */,
				97E5196A2CDC53CD00B69B0E /* API+Extension.swift */,
				9778CC922CD1085700768218 /* Info.plist */,
			);
			path = TimeCapsule;
			sourceTree = "<group>";
		};
		9778CC9A2CD1085700768218 /* TimeCapsuleTests */ = {
			isa = PBXGroup;
			children = (
				9778CC9B2CD1085700768218 /* TimeCapsuleTests.swift */,
			);
			path = TimeCapsuleTests;
			sourceTree = "<group>";
		};
		9778CCA42CD1085700768218 /* TimeCapsuleUITests */ = {
			isa = PBXGroup;
			children = (
				9778CCA52CD1085700768218 /* TimeCapsuleUITests.swift */,
				9778CCA72CD1085700768218 /* TimeCapsuleUITestsLaunchTests.swift */,
			);
			path = TimeCapsuleUITests;
			sourceTree = "<group>";
		};
		9778CCB42CD1089A00768218 /* Home */ = {
			isa = PBXGroup;
			children = (
				971C88062CE4331600E8B844 /* View */,
				94005A9D2CD5DDA400017A89 /* ViewController */,
			);
			path = Home;
			sourceTree = "<group>";
		};
		9778CCB52CD108A100768218 /* Login */ = {
			isa = PBXGroup;
			children = (
				97E519582CDBAC6900B69B0E /* UserModel.swift */,
				971C883E2CE5CEDE00E8B844 /* EmailModel.swift */,
				9778CCBA2CD1096D00768218 /* View */,
				9778CCB92CD1095A00768218 /* ViewController */,
			);
			path = Login;
			sourceTree = "<group>";
		};
		9778CCB62CD108C900768218 /* MyPage */ = {
			isa = PBXGroup;
			children = (
				971C88522CE7A7D800E8B844 /* View */,
				971C88532CE7A7DE00E8B844 /* ViewController */,
			);
			path = MyPage;
			sourceTree = "<group>";
		};
		9778CCB92CD1095A00768218 /* ViewController */ = {
			isa = PBXGroup;
			children = (
				9778CCB72CD1090700768218 /* LoginViewController.swift */,
				9778CCCB2CD5DFCB00768218 /* SignUpViewController.swift */,
				9778CCDE2CD8E1FF00768218 /* FindPasswordViewController.swift */,
				971C86DC2CDF762B00E8B844 /* ChangePasswordViewController.swift */,
			);
			path = ViewController;
			sourceTree = "<group>";
		};
		9778CCBA2CD1096D00768218 /* View */ = {
			isa = PBXGroup;
			children = (
				9778CCBC2CD2605900768218 /* LoginView.swift */,
				9778CCBE2CD2606800768218 /* SignupView.swift */,
				9778CCDA2CD8D89A00768218 /* FindPasswordView.swift */,
				9778CCDC2CD8D8B000768218 /* ChangePasswordView.swift */,
			);
			path = View;
			sourceTree = "<group>";
		};
		9778CCBB2CD1097C00768218 /* Model */ = {
			isa = PBXGroup;
			children = (
				97E519242CDB975200B69B0E /* K.swift */,
				97E519252CDB975200B69B0E /* TimeCapsuleModel.swift */,
				63976E042CE198A700C19532 /* TimeCapsulePreview.swift */,
				63976E062CE1B75900C19532 /* TimeCapsulePreviewModel.swift */,
				971C86EE2CE07CF200E8B844 /* KeychainService.swift */,
			);
			path = Model;
			sourceTree = "<group>";
		};
		D037F013FA2A2F5125F88AD2 /* Pods */ = {
			isa = PBXGroup;
			children = (
				4454F439BB1AA9B8B244AD16 /* Pods-TimeCapsule.debug.xcconfig */,
				EC5210955C9EADE43FAD22AC /* Pods-TimeCapsule.release.xcconfig */,
				B9B2375206C0F428FB7FAD8A /* Pods-TimeCapsule-TimeCapsuleUITests.debug.xcconfig */,
				D9CBE21E6CDAD0034DE5819F /* Pods-TimeCapsule-TimeCapsuleUITests.release.xcconfig */,
				00F00D4CEBC56653A8F23622 /* Pods-TimeCapsuleTests.debug.xcconfig */,
				E3172447D8A1417098019C5A /* Pods-TimeCapsuleTests.release.xcconfig */,
			);
			path = Pods;
			sourceTree = "<group>";
		};
/* End PBXGroup section */

/* Begin PBXNativeTarget section */
		9778CC802CD1085600768218 /* TimeCapsule */ = {
			isa = PBXNativeTarget;
			buildConfigurationList = 9778CCAB2CD1085700768218 /* Build configuration list for PBXNativeTarget "TimeCapsule" */;
			buildPhases = (
				99646B7823C2E32D4E78FC50 /* [CP] Check Pods Manifest.lock */,
				9778CC7D2CD1085600768218 /* Sources */,
				9778CC7E2CD1085600768218 /* Frameworks */,
				9778CC7F2CD1085600768218 /* Resources */,
				BFE7DF097FBBEBCEF9551F81 /* [CP] Embed Pods Frameworks */,
			);
			buildRules = (
			);
			dependencies = (
			);
			fileSystemSynchronizedGroups = (
				94005A9D2CD5DDA400017A89 /* ViewController */,
				971C88062CE4331600E8B844 /* View */,
			);
			name = TimeCapsule;
			packageProductDependencies = (
				9778CCC12CD2609400768218 /* SnapKit */,
			);
			productName = TimeCapsule;
			productReference = 9778CC812CD1085600768218 /* TimeCapsule.app */;
			productType = "com.apple.product-type.application";
		};
		9778CC962CD1085700768218 /* TimeCapsuleTests */ = {
			isa = PBXNativeTarget;
			buildConfigurationList = 9778CCAE2CD1085700768218 /* Build configuration list for PBXNativeTarget "TimeCapsuleTests" */;
			buildPhases = (
				FA3AF6666E613B5C9BF1C61D /* [CP] Check Pods Manifest.lock */,
				9778CC932CD1085700768218 /* Sources */,
				9778CC942CD1085700768218 /* Frameworks */,
				9778CC952CD1085700768218 /* Resources */,
			);
			buildRules = (
			);
			dependencies = (
				9778CC992CD1085700768218 /* PBXTargetDependency */,
			);
			name = TimeCapsuleTests;
			productName = TimeCapsuleTests;
			productReference = 9778CC972CD1085700768218 /* TimeCapsuleTests.xctest */;
			productType = "com.apple.product-type.bundle.unit-test";
		};
		9778CCA02CD1085700768218 /* TimeCapsuleUITests */ = {
			isa = PBXNativeTarget;
			buildConfigurationList = 9778CCB12CD1085700768218 /* Build configuration list for PBXNativeTarget "TimeCapsuleUITests" */;
			buildPhases = (
				676340015D5C86CC41B01114 /* [CP] Check Pods Manifest.lock */,
				9778CC9D2CD1085700768218 /* Sources */,
				9778CC9E2CD1085700768218 /* Frameworks */,
				9778CC9F2CD1085700768218 /* Resources */,
				31AA1F555F65547EAA9DC338 /* [CP] Embed Pods Frameworks */,
			);
			buildRules = (
			);
			dependencies = (
				9778CCA32CD1085700768218 /* PBXTargetDependency */,
			);
			name = TimeCapsuleUITests;
			productName = TimeCapsuleUITests;
			productReference = 9778CCA12CD1085700768218 /* TimeCapsuleUITests.xctest */;
			productType = "com.apple.product-type.bundle.ui-testing";
		};
/* End PBXNativeTarget section */

/* Begin PBXProject section */
		9778CC792CD1085600768218 /* Project object */ = {
			isa = PBXProject;
			attributes = {
				BuildIndependentTargetsInParallel = 1;
				LastSwiftUpdateCheck = 1540;
				LastUpgradeCheck = 1540;
				TargetAttributes = {
					9778CC802CD1085600768218 = {
						CreatedOnToolsVersion = 15.4;
					};
					9778CC962CD1085700768218 = {
						CreatedOnToolsVersion = 15.4;
						TestTargetID = 9778CC802CD1085600768218;
					};
					9778CCA02CD1085700768218 = {
						CreatedOnToolsVersion = 15.4;
						TestTargetID = 9778CC802CD1085600768218;
					};
				};
			};
			buildConfigurationList = 9778CC7C2CD1085600768218 /* Build configuration list for PBXProject "TimeCapsule" */;
			developmentRegion = en;
			hasScannedForEncodings = 0;
			knownRegions = (
				en,
				Base,
			);
			mainGroup = 9778CC782CD1085600768218;
			packageReferences = (
				9778CCC02CD2609400768218 /* XCRemoteSwiftPackageReference "SnapKit" */,
			);
			preferredProjectObjectVersion = 77;
			productRefGroup = 9778CC822CD1085600768218 /* Products */;
			projectDirPath = "";
			projectRoot = "";
			targets = (
				9778CC802CD1085600768218 /* TimeCapsule */,
				9778CC962CD1085700768218 /* TimeCapsuleTests */,
				9778CCA02CD1085700768218 /* TimeCapsuleUITests */,
			);
		};
/* End PBXProject section */

/* Begin PBXResourcesBuildPhase section */
		9778CC7F2CD1085600768218 /* Resources */ = {
			isa = PBXResourcesBuildPhase;
			buildActionMask = 2147483647;
			files = (
				9778CC8E2CD1085700768218 /* Assets.xcassets in Resources */,
			);
			runOnlyForDeploymentPostprocessing = 0;
		};
		9778CC952CD1085700768218 /* Resources */ = {
			isa = PBXResourcesBuildPhase;
			buildActionMask = 2147483647;
			files = (
				9778CCE02CD8FEE700768218 /* Assets.xcassets in Resources */,
			);
			runOnlyForDeploymentPostprocessing = 0;
		};
		9778CC9F2CD1085700768218 /* Resources */ = {
			isa = PBXResourcesBuildPhase;
			buildActionMask = 2147483647;
			files = (
				9778CCE12CD8FEE700768218 /* Assets.xcassets in Resources */,
			);
			runOnlyForDeploymentPostprocessing = 0;
		};
/* End PBXResourcesBuildPhase section */

/* Begin PBXShellScriptBuildPhase section */
		31AA1F555F65547EAA9DC338 /* [CP] Embed Pods Frameworks */ = {
			isa = PBXShellScriptBuildPhase;
			buildActionMask = 2147483647;
			files = (
			);
			inputFileListPaths = (
				"${PODS_ROOT}/Target Support Files/Pods-TimeCapsule-TimeCapsuleUITests/Pods-TimeCapsule-TimeCapsuleUITests-frameworks-${CONFIGURATION}-input-files.xcfilelist",
			);
			name = "[CP] Embed Pods Frameworks";
			outputFileListPaths = (
				"${PODS_ROOT}/Target Support Files/Pods-TimeCapsule-TimeCapsuleUITests/Pods-TimeCapsule-TimeCapsuleUITests-frameworks-${CONFIGURATION}-output-files.xcfilelist",
			);
			runOnlyForDeploymentPostprocessing = 0;
			shellPath = /bin/sh;
			shellScript = "\"${PODS_ROOT}/Target Support Files/Pods-TimeCapsule-TimeCapsuleUITests/Pods-TimeCapsule-TimeCapsuleUITests-frameworks.sh\"\n";
			showEnvVarsInLog = 0;
		};
		676340015D5C86CC41B01114 /* [CP] Check Pods Manifest.lock */ = {
			isa = PBXShellScriptBuildPhase;
			buildActionMask = 2147483647;
			files = (
			);
			inputFileListPaths = (
			);
			inputPaths = (
				"${PODS_PODFILE_DIR_PATH}/Podfile.lock",
				"${PODS_ROOT}/Manifest.lock",
			);
			name = "[CP] Check Pods Manifest.lock";
			outputFileListPaths = (
			);
			outputPaths = (
				"$(DERIVED_FILE_DIR)/Pods-TimeCapsule-TimeCapsuleUITests-checkManifestLockResult.txt",
			);
			runOnlyForDeploymentPostprocessing = 0;
			shellPath = /bin/sh;
			shellScript = "diff \"${PODS_PODFILE_DIR_PATH}/Podfile.lock\" \"${PODS_ROOT}/Manifest.lock\" > /dev/null\nif [ $? != 0 ] ; then\n    # print error to STDERR\n    echo \"error: The sandbox is not in sync with the Podfile.lock. Run 'pod install' or update your CocoaPods installation.\" >&2\n    exit 1\nfi\n# This output is used by Xcode 'outputs' to avoid re-running this script phase.\necho \"SUCCESS\" > \"${SCRIPT_OUTPUT_FILE_0}\"\n";
			showEnvVarsInLog = 0;
		};
		99646B7823C2E32D4E78FC50 /* [CP] Check Pods Manifest.lock */ = {
			isa = PBXShellScriptBuildPhase;
			buildActionMask = 2147483647;
			files = (
			);
			inputFileListPaths = (
			);
			inputPaths = (
				"${PODS_PODFILE_DIR_PATH}/Podfile.lock",
				"${PODS_ROOT}/Manifest.lock",
			);
			name = "[CP] Check Pods Manifest.lock";
			outputFileListPaths = (
			);
			outputPaths = (
				"$(DERIVED_FILE_DIR)/Pods-TimeCapsule-checkManifestLockResult.txt",
			);
			runOnlyForDeploymentPostprocessing = 0;
			shellPath = /bin/sh;
			shellScript = "diff \"${PODS_PODFILE_DIR_PATH}/Podfile.lock\" \"${PODS_ROOT}/Manifest.lock\" > /dev/null\nif [ $? != 0 ] ; then\n    # print error to STDERR\n    echo \"error: The sandbox is not in sync with the Podfile.lock. Run 'pod install' or update your CocoaPods installation.\" >&2\n    exit 1\nfi\n# This output is used by Xcode 'outputs' to avoid re-running this script phase.\necho \"SUCCESS\" > \"${SCRIPT_OUTPUT_FILE_0}\"\n";
			showEnvVarsInLog = 0;
		};
		BFE7DF097FBBEBCEF9551F81 /* [CP] Embed Pods Frameworks */ = {
			isa = PBXShellScriptBuildPhase;
			buildActionMask = 2147483647;
			files = (
			);
			inputFileListPaths = (
				"${PODS_ROOT}/Target Support Files/Pods-TimeCapsule/Pods-TimeCapsule-frameworks-${CONFIGURATION}-input-files.xcfilelist",
			);
			name = "[CP] Embed Pods Frameworks";
			outputFileListPaths = (
				"${PODS_ROOT}/Target Support Files/Pods-TimeCapsule/Pods-TimeCapsule-frameworks-${CONFIGURATION}-output-files.xcfilelist",
			);
			runOnlyForDeploymentPostprocessing = 0;
			shellPath = /bin/sh;
			shellScript = "\"${PODS_ROOT}/Target Support Files/Pods-TimeCapsule/Pods-TimeCapsule-frameworks.sh\"\n";
			showEnvVarsInLog = 0;
		};
		FA3AF6666E613B5C9BF1C61D /* [CP] Check Pods Manifest.lock */ = {
			isa = PBXShellScriptBuildPhase;
			buildActionMask = 2147483647;
			files = (
			);
			inputFileListPaths = (
			);
			inputPaths = (
				"${PODS_PODFILE_DIR_PATH}/Podfile.lock",
				"${PODS_ROOT}/Manifest.lock",
			);
			name = "[CP] Check Pods Manifest.lock";
			outputFileListPaths = (
			);
			outputPaths = (
				"$(DERIVED_FILE_DIR)/Pods-TimeCapsuleTests-checkManifestLockResult.txt",
			);
			runOnlyForDeploymentPostprocessing = 0;
			shellPath = /bin/sh;
			shellScript = "diff \"${PODS_PODFILE_DIR_PATH}/Podfile.lock\" \"${PODS_ROOT}/Manifest.lock\" > /dev/null\nif [ $? != 0 ] ; then\n    # print error to STDERR\n    echo \"error: The sandbox is not in sync with the Podfile.lock. Run 'pod install' or update your CocoaPods installation.\" >&2\n    exit 1\nfi\n# This output is used by Xcode 'outputs' to avoid re-running this script phase.\necho \"SUCCESS\" > \"${SCRIPT_OUTPUT_FILE_0}\"\n";
			showEnvVarsInLog = 0;
		};
/* End PBXShellScriptBuildPhase section */

/* Begin PBXSourcesBuildPhase section */
		9778CC7D2CD1085600768218 /* Sources */ = {
			isa = PBXSourcesBuildPhase;
			buildActionMask = 2147483647;
			files = (
				9778CCDB2CD8D89A00768218 /* FindPasswordView.swift in Sources */,
				971C880F2CE4842000E8B844 /* EditINicknameView.swift in Sources */,
				971C88172CE4847600E8B844 /* PasswordChangeViewController.swift in Sources */,
				971C88152CE4846900E8B844 /* PasswordChangeView.swift in Sources */,
				9778CCB82CD1090700768218 /* LoginViewController.swift in Sources */,
				971C88112CE4842E00E8B844 /* EditNicknameViewController.swift in Sources */,
				63976E052CE198A700C19532 /* TimeCapsulePreview.swift in Sources */,
				9778CCBF2CD2606800768218 /* SignupView.swift in Sources */,
				9778CCDF2CD8E1FF00768218 /* FindPasswordViewController.swift in Sources */,
				971C86EF2CE07CF200E8B844 /* KeychainService.swift in Sources */,
				9778CC852CD1085600768218 /* AppDelegate.swift in Sources */,
				9778CCBD2CD2605900768218 /* LoginView.swift in Sources */,
				63976E072CE1B75900C19532 /* TimeCapsulePreviewModel.swift in Sources */,
				971C882B2CE59B7500E8B844 /* UIViewController+Extension.swift in Sources */,
				971C87E02CE3565300E8B844 /* CustomAlertView.swift in Sources */,
				97E519592CDBAC6C00B69B0E /* UserModel.swift in Sources */,
				97E5196B2CDC53CD00B69B0E /* API+Extension.swift in Sources */,
				97E5196D2CDD153F00B69B0E /* MyPageView.swift in Sources */,
				9778CCDD2CD8D8B000768218 /* ChangePasswordView.swift in Sources */,
				9778CCCE2CD5F73F00768218 /* UIView+Extension.swift in Sources */,
				9778CCCC2CD5DFCB00768218 /* SignUpViewController.swift in Sources */,
				97E519262CDB975200B69B0E /* TimeCapsuleModel.swift in Sources */,
				971C86DD2CDF762B00E8B844 /* ChangePasswordViewController.swift in Sources */,
				971C883F2CE5CEDE00E8B844 /* EmailModel.swift in Sources */,
				97E519272CDB975200B69B0E /* K.swift in Sources */,
				9778CC872CD1085600768218 /* SceneDelegate.swift in Sources */,
				9778CCC82CD34A7A00768218 /* MyPageViewController.swift in Sources */,
			);
			runOnlyForDeploymentPostprocessing = 0;
		};
		9778CC932CD1085700768218 /* Sources */ = {
			isa = PBXSourcesBuildPhase;
			buildActionMask = 2147483647;
			files = (
				9778CC9C2CD1085700768218 /* TimeCapsuleTests.swift in Sources */,
			);
			runOnlyForDeploymentPostprocessing = 0;
		};
		9778CC9D2CD1085700768218 /* Sources */ = {
			isa = PBXSourcesBuildPhase;
			buildActionMask = 2147483647;
			files = (
				9778CCA62CD1085700768218 /* TimeCapsuleUITests.swift in Sources */,
				9778CCA82CD1085700768218 /* TimeCapsuleUITestsLaunchTests.swift in Sources */,
			);
			runOnlyForDeploymentPostprocessing = 0;
		};
/* End PBXSourcesBuildPhase section */

/* Begin PBXTargetDependency section */
		9778CC992CD1085700768218 /* PBXTargetDependency */ = {
			isa = PBXTargetDependency;
			target = 9778CC802CD1085600768218 /* TimeCapsule */;
			targetProxy = 9778CC982CD1085700768218 /* PBXContainerItemProxy */;
		};
		9778CCA32CD1085700768218 /* PBXTargetDependency */ = {
			isa = PBXTargetDependency;
			target = 9778CC802CD1085600768218 /* TimeCapsule */;
			targetProxy = 9778CCA22CD1085700768218 /* PBXContainerItemProxy */;
		};
/* End PBXTargetDependency section */

/* Begin XCBuildConfiguration section */
		9778CCA92CD1085700768218 /* Debug */ = {
			isa = XCBuildConfiguration;
			buildSettings = {
				ALWAYS_SEARCH_USER_PATHS = NO;
				ASSETCATALOG_COMPILER_GENERATE_SWIFT_ASSET_SYMBOL_EXTENSIONS = YES;
				CLANG_ANALYZER_NONNULL = YES;
				CLANG_ANALYZER_NUMBER_OBJECT_CONVERSION = YES_AGGRESSIVE;
				CLANG_CXX_LANGUAGE_STANDARD = "gnu++20";
				CLANG_ENABLE_MODULES = YES;
				CLANG_ENABLE_OBJC_ARC = YES;
				CLANG_ENABLE_OBJC_WEAK = YES;
				CLANG_WARN_BLOCK_CAPTURE_AUTORELEASING = YES;
				CLANG_WARN_BOOL_CONVERSION = YES;
				CLANG_WARN_COMMA = YES;
				CLANG_WARN_CONSTANT_CONVERSION = YES;
				CLANG_WARN_DEPRECATED_OBJC_IMPLEMENTATIONS = YES;
				CLANG_WARN_DIRECT_OBJC_ISA_USAGE = YES_ERROR;
				CLANG_WARN_DOCUMENTATION_COMMENTS = YES;
				CLANG_WARN_EMPTY_BODY = YES;
				CLANG_WARN_ENUM_CONVERSION = YES;
				CLANG_WARN_INFINITE_RECURSION = YES;
				CLANG_WARN_INT_CONVERSION = YES;
				CLANG_WARN_NON_LITERAL_NULL_CONVERSION = YES;
				CLANG_WARN_OBJC_IMPLICIT_RETAIN_SELF = YES;
				CLANG_WARN_OBJC_LITERAL_CONVERSION = YES;
				CLANG_WARN_OBJC_ROOT_CLASS = YES_ERROR;
				CLANG_WARN_QUOTED_INCLUDE_IN_FRAMEWORK_HEADER = YES;
				CLANG_WARN_RANGE_LOOP_ANALYSIS = YES;
				CLANG_WARN_STRICT_PROTOTYPES = YES;
				CLANG_WARN_SUSPICIOUS_MOVE = YES;
				CLANG_WARN_UNGUARDED_AVAILABILITY = YES_AGGRESSIVE;
				CLANG_WARN_UNREACHABLE_CODE = YES;
				CLANG_WARN__DUPLICATE_METHOD_MATCH = YES;
				COPY_PHASE_STRIP = NO;
				DEBUG_INFORMATION_FORMAT = dwarf;
				ENABLE_STRICT_OBJC_MSGSEND = YES;
				ENABLE_TESTABILITY = YES;
				ENABLE_USER_SCRIPT_SANDBOXING = YES;
				GCC_C_LANGUAGE_STANDARD = gnu17;
				GCC_DYNAMIC_NO_PIC = NO;
				GCC_NO_COMMON_BLOCKS = YES;
				GCC_OPTIMIZATION_LEVEL = 0;
				GCC_PREPROCESSOR_DEFINITIONS = (
					"DEBUG=1",
					"$(inherited)",
				);
				GCC_WARN_64_TO_32_BIT_CONVERSION = YES;
				GCC_WARN_ABOUT_RETURN_TYPE = YES_ERROR;
				GCC_WARN_UNDECLARED_SELECTOR = YES;
				GCC_WARN_UNINITIALIZED_AUTOS = YES_AGGRESSIVE;
				GCC_WARN_UNUSED_FUNCTION = YES;
				GCC_WARN_UNUSED_VARIABLE = YES;
				IPHONEOS_DEPLOYMENT_TARGET = 17.5;
				LOCALIZATION_PREFERS_STRING_CATALOGS = YES;
				MTL_ENABLE_DEBUG_INFO = INCLUDE_SOURCE;
				MTL_FAST_MATH = YES;
				ONLY_ACTIVE_ARCH = YES;
				SDKROOT = iphoneos;
				SWIFT_ACTIVE_COMPILATION_CONDITIONS = "DEBUG $(inherited)";
				SWIFT_OPTIMIZATION_LEVEL = "-Onone";
			};
			name = Debug;
		};
		9778CCAA2CD1085700768218 /* Release */ = {
			isa = XCBuildConfiguration;
			buildSettings = {
				ALWAYS_SEARCH_USER_PATHS = NO;
				ASSETCATALOG_COMPILER_GENERATE_SWIFT_ASSET_SYMBOL_EXTENSIONS = YES;
				CLANG_ANALYZER_NONNULL = YES;
				CLANG_ANALYZER_NUMBER_OBJECT_CONVERSION = YES_AGGRESSIVE;
				CLANG_CXX_LANGUAGE_STANDARD = "gnu++20";
				CLANG_ENABLE_MODULES = YES;
				CLANG_ENABLE_OBJC_ARC = YES;
				CLANG_ENABLE_OBJC_WEAK = YES;
				CLANG_WARN_BLOCK_CAPTURE_AUTORELEASING = YES;
				CLANG_WARN_BOOL_CONVERSION = YES;
				CLANG_WARN_COMMA = YES;
				CLANG_WARN_CONSTANT_CONVERSION = YES;
				CLANG_WARN_DEPRECATED_OBJC_IMPLEMENTATIONS = YES;
				CLANG_WARN_DIRECT_OBJC_ISA_USAGE = YES_ERROR;
				CLANG_WARN_DOCUMENTATION_COMMENTS = YES;
				CLANG_WARN_EMPTY_BODY = YES;
				CLANG_WARN_ENUM_CONVERSION = YES;
				CLANG_WARN_INFINITE_RECURSION = YES;
				CLANG_WARN_INT_CONVERSION = YES;
				CLANG_WARN_NON_LITERAL_NULL_CONVERSION = YES;
				CLANG_WARN_OBJC_IMPLICIT_RETAIN_SELF = YES;
				CLANG_WARN_OBJC_LITERAL_CONVERSION = YES;
				CLANG_WARN_OBJC_ROOT_CLASS = YES_ERROR;
				CLANG_WARN_QUOTED_INCLUDE_IN_FRAMEWORK_HEADER = YES;
				CLANG_WARN_RANGE_LOOP_ANALYSIS = YES;
				CLANG_WARN_STRICT_PROTOTYPES = YES;
				CLANG_WARN_SUSPICIOUS_MOVE = YES;
				CLANG_WARN_UNGUARDED_AVAILABILITY = YES_AGGRESSIVE;
				CLANG_WARN_UNREACHABLE_CODE = YES;
				CLANG_WARN__DUPLICATE_METHOD_MATCH = YES;
				COPY_PHASE_STRIP = NO;
				DEBUG_INFORMATION_FORMAT = "dwarf-with-dsym";
				ENABLE_NS_ASSERTIONS = NO;
				ENABLE_STRICT_OBJC_MSGSEND = YES;
				ENABLE_USER_SCRIPT_SANDBOXING = YES;
				GCC_C_LANGUAGE_STANDARD = gnu17;
				GCC_NO_COMMON_BLOCKS = YES;
				GCC_WARN_64_TO_32_BIT_CONVERSION = YES;
				GCC_WARN_ABOUT_RETURN_TYPE = YES_ERROR;
				GCC_WARN_UNDECLARED_SELECTOR = YES;
				GCC_WARN_UNINITIALIZED_AUTOS = YES_AGGRESSIVE;
				GCC_WARN_UNUSED_FUNCTION = YES;
				GCC_WARN_UNUSED_VARIABLE = YES;
				IPHONEOS_DEPLOYMENT_TARGET = 17.5;
				LOCALIZATION_PREFERS_STRING_CATALOGS = YES;
				MTL_ENABLE_DEBUG_INFO = NO;
				MTL_FAST_MATH = YES;
				SDKROOT = iphoneos;
				SWIFT_COMPILATION_MODE = wholemodule;
				VALIDATE_PRODUCT = YES;
			};
			name = Release;
		};
		9778CCAC2CD1085700768218 /* Debug */ = {
			isa = XCBuildConfiguration;
			baseConfigurationReference = 4454F439BB1AA9B8B244AD16 /* Pods-TimeCapsule.debug.xcconfig */;
			buildSettings = {
				ASSETCATALOG_COMPILER_APPICON_NAME = AppIcon;
				ASSETCATALOG_COMPILER_GLOBAL_ACCENT_COLOR_NAME = AccentColor;
				CODE_SIGN_STYLE = Automatic;
				CURRENT_PROJECT_VERSION = 1;
				DEVELOPMENT_TEAM = 2QJX795Q3R;
				ENABLE_USER_SCRIPT_SANDBOXING = NO;
				GENERATE_INFOPLIST_FILE = YES;
				INFOPLIST_FILE = TimeCapsule/Info.plist;
				INFOPLIST_KEY_UILaunchStoryboardName = LaunchScreen;
				INFOPLIST_KEY_UISupportedInterfaceOrientations_iPad = "UIInterfaceOrientationPortrait UIInterfaceOrientationPortraitUpsideDown UIInterfaceOrientationLandscapeLeft UIInterfaceOrientationLandscapeRight";
				INFOPLIST_KEY_UISupportedInterfaceOrientations_iPhone = "UIInterfaceOrientationPortrait UIInterfaceOrientationLandscapeLeft UIInterfaceOrientationLandscapeRight";
				LD_RUNPATH_SEARCH_PATHS = (
					"$(inherited)",
					"@executable_path/Frameworks",
				);
				MARKETING_VERSION = 1.0;
				PRODUCT_BUNDLE_IDENTIFIER = "UMC7th-iOS.TimeCapsule";
				PRODUCT_NAME = "$(TARGET_NAME)";
				SWIFT_EMIT_LOC_STRINGS = YES;
				SWIFT_VERSION = 5.0;
				TARGETED_DEVICE_FAMILY = "1,2";
			};
			name = Debug;
		};
		9778CCAD2CD1085700768218 /* Release */ = {
			isa = XCBuildConfiguration;
			baseConfigurationReference = EC5210955C9EADE43FAD22AC /* Pods-TimeCapsule.release.xcconfig */;
			buildSettings = {
				ASSETCATALOG_COMPILER_APPICON_NAME = AppIcon;
				ASSETCATALOG_COMPILER_GLOBAL_ACCENT_COLOR_NAME = AccentColor;
				CODE_SIGN_STYLE = Automatic;
				CURRENT_PROJECT_VERSION = 1;
				DEVELOPMENT_TEAM = 2QJX795Q3R;
				ENABLE_USER_SCRIPT_SANDBOXING = NO;
				GENERATE_INFOPLIST_FILE = YES;
				INFOPLIST_FILE = TimeCapsule/Info.plist;
				INFOPLIST_KEY_UILaunchStoryboardName = LaunchScreen;
				INFOPLIST_KEY_UISupportedInterfaceOrientations_iPad = "UIInterfaceOrientationPortrait UIInterfaceOrientationPortraitUpsideDown UIInterfaceOrientationLandscapeLeft UIInterfaceOrientationLandscapeRight";
				INFOPLIST_KEY_UISupportedInterfaceOrientations_iPhone = "UIInterfaceOrientationPortrait UIInterfaceOrientationLandscapeLeft UIInterfaceOrientationLandscapeRight";
				LD_RUNPATH_SEARCH_PATHS = (
					"$(inherited)",
					"@executable_path/Frameworks",
				);
				MARKETING_VERSION = 1.0;
				PRODUCT_BUNDLE_IDENTIFIER = "UMC7th-iOS.TimeCapsule";
				PRODUCT_NAME = "$(TARGET_NAME)";
				SWIFT_EMIT_LOC_STRINGS = YES;
				SWIFT_VERSION = 5.0;
				TARGETED_DEVICE_FAMILY = "1,2";
			};
			name = Release;
		};
		9778CCAF2CD1085700768218 /* Debug */ = {
			isa = XCBuildConfiguration;
			baseConfigurationReference = 00F00D4CEBC56653A8F23622 /* Pods-TimeCapsuleTests.debug.xcconfig */;
			buildSettings = {
				ALWAYS_EMBED_SWIFT_STANDARD_LIBRARIES = YES;
				BUNDLE_LOADER = "$(TEST_HOST)";
				CODE_SIGN_STYLE = Automatic;
				CURRENT_PROJECT_VERSION = 1;
				GENERATE_INFOPLIST_FILE = YES;
				IPHONEOS_DEPLOYMENT_TARGET = 17.5;
				MARKETING_VERSION = 1.0;
				PRODUCT_BUNDLE_IDENTIFIER = "UMC7th-iOS.TimeCapsuleTests";
				PRODUCT_NAME = "$(TARGET_NAME)";
				SWIFT_EMIT_LOC_STRINGS = NO;
				SWIFT_VERSION = 5.0;
				TARGETED_DEVICE_FAMILY = "1,2";
				TEST_HOST = "$(BUILT_PRODUCTS_DIR)/TimeCapsule.app/$(BUNDLE_EXECUTABLE_FOLDER_PATH)/TimeCapsule";
			};
			name = Debug;
		};
		9778CCB02CD1085700768218 /* Release */ = {
			isa = XCBuildConfiguration;
			baseConfigurationReference = E3172447D8A1417098019C5A /* Pods-TimeCapsuleTests.release.xcconfig */;
			buildSettings = {
				ALWAYS_EMBED_SWIFT_STANDARD_LIBRARIES = YES;
				BUNDLE_LOADER = "$(TEST_HOST)";
				CODE_SIGN_STYLE = Automatic;
				CURRENT_PROJECT_VERSION = 1;
				GENERATE_INFOPLIST_FILE = YES;
				IPHONEOS_DEPLOYMENT_TARGET = 17.5;
				MARKETING_VERSION = 1.0;
				PRODUCT_BUNDLE_IDENTIFIER = "UMC7th-iOS.TimeCapsuleTests";
				PRODUCT_NAME = "$(TARGET_NAME)";
				SWIFT_EMIT_LOC_STRINGS = NO;
				SWIFT_VERSION = 5.0;
				TARGETED_DEVICE_FAMILY = "1,2";
				TEST_HOST = "$(BUILT_PRODUCTS_DIR)/TimeCapsule.app/$(BUNDLE_EXECUTABLE_FOLDER_PATH)/TimeCapsule";
			};
			name = Release;
		};
		9778CCB22CD1085700768218 /* Debug */ = {
			isa = XCBuildConfiguration;
			baseConfigurationReference = B9B2375206C0F428FB7FAD8A /* Pods-TimeCapsule-TimeCapsuleUITests.debug.xcconfig */;
			buildSettings = {
				ALWAYS_EMBED_SWIFT_STANDARD_LIBRARIES = YES;
				CODE_SIGN_STYLE = Automatic;
				CURRENT_PROJECT_VERSION = 1;
				GENERATE_INFOPLIST_FILE = YES;
				MARKETING_VERSION = 1.0;
				PRODUCT_BUNDLE_IDENTIFIER = "UMC7th-iOS.TimeCapsuleUITests";
				PRODUCT_NAME = "$(TARGET_NAME)";
				SWIFT_EMIT_LOC_STRINGS = NO;
				SWIFT_VERSION = 5.0;
				TARGETED_DEVICE_FAMILY = "1,2";
				TEST_TARGET_NAME = TimeCapsule;
			};
			name = Debug;
		};
		9778CCB32CD1085700768218 /* Release */ = {
			isa = XCBuildConfiguration;
			baseConfigurationReference = D9CBE21E6CDAD0034DE5819F /* Pods-TimeCapsule-TimeCapsuleUITests.release.xcconfig */;
			buildSettings = {
				ALWAYS_EMBED_SWIFT_STANDARD_LIBRARIES = YES;
				CODE_SIGN_STYLE = Automatic;
				CURRENT_PROJECT_VERSION = 1;
				GENERATE_INFOPLIST_FILE = YES;
				MARKETING_VERSION = 1.0;
				PRODUCT_BUNDLE_IDENTIFIER = "UMC7th-iOS.TimeCapsuleUITests";
				PRODUCT_NAME = "$(TARGET_NAME)";
				SWIFT_EMIT_LOC_STRINGS = NO;
				SWIFT_VERSION = 5.0;
				TARGETED_DEVICE_FAMILY = "1,2";
				TEST_TARGET_NAME = TimeCapsule;
			};
			name = Release;
		};
/* End XCBuildConfiguration section */

/* Begin XCConfigurationList section */
		9778CC7C2CD1085600768218 /* Build configuration list for PBXProject "TimeCapsule" */ = {
			isa = XCConfigurationList;
			buildConfigurations = (
				9778CCA92CD1085700768218 /* Debug */,
				9778CCAA2CD1085700768218 /* Release */,
			);
			defaultConfigurationIsVisible = 0;
			defaultConfigurationName = Release;
		};
		9778CCAB2CD1085700768218 /* Build configuration list for PBXNativeTarget "TimeCapsule" */ = {
			isa = XCConfigurationList;
			buildConfigurations = (
				9778CCAC2CD1085700768218 /* Debug */,
				9778CCAD2CD1085700768218 /* Release */,
			);
			defaultConfigurationIsVisible = 0;
			defaultConfigurationName = Release;
		};
		9778CCAE2CD1085700768218 /* Build configuration list for PBXNativeTarget "TimeCapsuleTests" */ = {
			isa = XCConfigurationList;
			buildConfigurations = (
				9778CCAF2CD1085700768218 /* Debug */,
				9778CCB02CD1085700768218 /* Release */,
			);
			defaultConfigurationIsVisible = 0;
			defaultConfigurationName = Release;
		};
		9778CCB12CD1085700768218 /* Build configuration list for PBXNativeTarget "TimeCapsuleUITests" */ = {
			isa = XCConfigurationList;
			buildConfigurations = (
				9778CCB22CD1085700768218 /* Debug */,
				9778CCB32CD1085700768218 /* Release */,
			);
			defaultConfigurationIsVisible = 0;
			defaultConfigurationName = Release;
		};
/* End XCConfigurationList section */

/* Begin XCRemoteSwiftPackageReference section */
		9778CCC02CD2609400768218 /* XCRemoteSwiftPackageReference "SnapKit" */ = {
			isa = XCRemoteSwiftPackageReference;
			repositoryURL = "https://github.com/SnapKit/SnapKit";
			requirement = {
				kind = upToNextMajorVersion;
				minimumVersion = 5.7.1;
			};
		};
/* End XCRemoteSwiftPackageReference section */

/* Begin XCSwiftPackageProductDependency section */
		9778CCC12CD2609400768218 /* SnapKit */ = {
			isa = XCSwiftPackageProductDependency;
			package = 9778CCC02CD2609400768218 /* XCRemoteSwiftPackageReference "SnapKit" */;
			productName = SnapKit;
		};
/* End XCSwiftPackageProductDependency section */
	};
	rootObject = 9778CC792CD1085600768218 /* Project object */;
}
